Microsoft Visual Studio Solution File, Format Version 12.00
# Visual Studio Version 17
VisualStudioVersion = 17.13.35825.156
MinimumVisualStudioVersion = 10.0.40219.1
Project("{8BC9CEB8-8B4A-11D0-8D11-00A0C91BC942}") = "Studying C++_new", "Studying C++_new\Studying C++_new.vcxproj", "{74159EC2-1C7D-47B4-9B3E-DF77C023A21D}"
EndProject
Project("{8BC9CEB8-8B4A-11D0-8D11-00A0C91BC942}") = "01_Homework", "01_Homework\01_Homework.vcxproj", "{FF2AC421-6685-4429-8C12-1A7E8260A2AE}"
EndProject
Project("{8BC9CEB8-8B4A-11D0-8D11-00A0C91BC942}") = "02_Homework", "02_Homework\02_Homework.vcxproj", "{92E6A7D9-ABF3-48F4-8510-D3AEA8A70041}"
EndProject
Project("{8BC9CEB8-8B4A-11D0-8D11-00A0C91BC942}") = "03_Homework", "03_Homework\03_Homework.vcxproj", "{074F06E0-3B0F-4F98-B9BF-ADF6E859D628}"
EndProject
Project("{8BC9CEB8-8B4A-11D0-8D11-00A0C91BC942}") = "Lesson-4_Massives", "Lesson-4_Massives\Lesson-4_Massives.vcxproj", "{F0ECFC42-44EB-4620-B330-1B2EF64A5851}"
EndProject
Project("{8BC9CEB8-8B4A-11D0-8D11-00A0C91BC942}") = "Lesson -5_MatrixRandom", "Lesson -5_MatrixRandom\Lesson -5_MatrixRandom.vcxproj", "{71CA4056-A137-4AF1-9148-B72168423D36}"
EndProject
Project("{8BC9CEB8-8B4A-11D0-8D11-00A0C91BC942}") = "04_Homework_Switch_While", "04_Homework_Switch_While\04_Homework_Switch_While.vcxproj", "{1662A8FB-88F6-4B39-AFA3-FA24523AF357}"
EndProject
Project("{8BC9CEB8-8B4A-11D0-8D11-00A0C91BC942}") = "05_Homework_Cycles", "05_Homework_Cycles\05_Homework_Cycles.vcxproj", "{9F20BF87-3B24-4995-9314-970CC5A19178}"
EndProject
Project("{8BC9CEB8-8B4A-11D0-8D11-00A0C91BC942}") = "Lesson-6_Functions", "Lesson-6_Functions\Lesson-6_Functions.vcxproj", "{491F7498-1377-41B9-93E9-D0CD283B2250}"
EndProject
Project("{8BC9CEB8-8B4A-11D0-8D11-00A0C91BC942}") = "Lesson-6_Functions2", "Lesson-6_Functions2\Lesson-6_Functions2.vcxproj", "{6DA9691F-CAA2-419B-ADF9-8954945080DD}"
EndProject
Project("{8BC9CEB8-8B4A-11D0-8D11-00A0C91BC942}") = "Lesson-7_Arrays in dunctions", "Lesson-7_Arrays in dunctions\Lesson-7_Arrays in dunctions.vcxproj", "{32CA7FCD-72C6-4150-8805-5FA74F854171}"
EndProject
Project("{8BC9CEB8-8B4A-11D0-8D11-00A0C91BC942}") = "Lesson_7_Matrix in functions", "Lesson_7_Matrix in functions\Lesson_7_Matrix in functions.vcxproj", "{A61E08CC-B92C-403C-A5CB-09043631CA0B}"
EndProject
Project("{8BC9CEB8-8B4A-11D0-8D11-00A0C91BC942}") = "Lesson_7_Overload func", "Lesson_7_Overload func\Lesson_7_Overload func.vcxproj", "{548CF51C-3EB3-4026-A8B9-5501F61A0F59}"
EndProject
Project("{8BC9CEB8-8B4A-11D0-8D11-00A0C91BC942}") = "06_Homework_Arrays", "06_Homework_Arrays\06_Homework_Arrays.vcxproj", "{006043C1-412E-4A56-AD5D-B3AC665834EE}"
EndProject
Project("{8BC9CEB8-8B4A-11D0-8D11-00A0C91BC942}") = "Lesson-8_template_functions", "Lesson-8_template_functions\Lesson-8_template_functions.vcxproj", "{D7F197F9-645C-41A3-9E83-951533DBDC12}"
EndProject
Project("{8BC9CEB8-8B4A-11D0-8D11-00A0C91BC942}") = "Lesson-8-2_work", "Lesson-8-2_work\Lesson-8-2_work.vcxproj", "{2ED6CDCF-5DC4-42BA-9467-4550A00EF871}"
EndProject
Project("{8BC9CEB8-8B4A-11D0-8D11-00A0C91BC942}") = "Lesson-9_find_array", "Lesson-9_sort_array\Lesson-9_sort_array.vcxproj", "{FF75F982-359A-4FA7-86B5-63CDE15E4FD9}"
EndProject
Project("{8BC9CEB8-8B4A-11D0-8D11-00A0C91BC942}") = "Lesson- 9-sort", "Lesson- 9_\Lesson- 9_.vcxproj", "{EB54AC79-2421-4BF1-B36D-BE96FA17847F}"
EndProject
Project("{8BC9CEB8-8B4A-11D0-8D11-00A0C91BC942}") = "Lesson-9_buble-sort", "Lesson-9_buble-sort\Lesson-9_buble-sort.vcxproj", "{5953F0D7-D11F-4B3C-B66B-45490084FB6A}"
EndProject
Project("{8BC9CEB8-8B4A-11D0-8D11-00A0C91BC942}") = "Lesson-9_template-sorting", "Lesson-9_template-sorting\Lesson-9_template-sorting.vcxproj", "{CA9FE97D-B4AE-4916-8E40-899A394AFFAE}"
EndProject
Project("{8BC9CEB8-8B4A-11D0-8D11-00A0C91BC942}") = "Lesson-10_Sort_Recursion_BinarySearch", "Lesson-10_Sort_Recursion_BinarySearch\Lesson-10_Sort_Recursion_BinarySearch.vcxproj", "{2C4E9957-A1DD-4F7B-9F5E-54CF98741FE7}"
EndProject
Project("{8BC9CEB8-8B4A-11D0-8D11-00A0C91BC942}") = "Lesson-10_Pointers", "Lesson-10_Pointers\Lesson-10_Pointers.vcxproj", "{447A91AB-533F-4076-9122-F82290E7FCD5}"
EndProject
Project("{8BC9CEB8-8B4A-11D0-8D11-00A0C91BC942}") = "07-Homework_Functions", "07-Homework_Functions\07-Homework_Functions.vcxproj", "{FFE949C8-4610-4525-B31B-9C9C3755B063}"
EndProject
Project("{8BC9CEB8-8B4A-11D0-8D11-00A0C91BC942}") = "08_Homework_Templates", "08_Homework_Templates\08_Homework_Templates.vcxproj", "{52E9C799-3DB1-4CD2-B046-96AF269BD2CC}"
EndProject
Project("{8BC9CEB8-8B4A-11D0-8D11-00A0C91BC942}") = "Lesson-11_Links", "Lesson-11_Links\Lesson-11_Links.vcxproj", "{3ABFA70E-0B39-4698-BB02-E3D743A14C25}"
EndProject
Project("{8BC9CEB8-8B4A-11D0-8D11-00A0C91BC942}") = "Lesson-12_SetPos_SetColor_SetW", "Lesson-12_SetPos_SetColor_SetW\Lesson-12_SetPos_SetColor_SetW.vcxproj", "{5265345C-4EEA-4A95-A6C6-BCF47104B741}"
EndProject
Project("{8BC9CEB8-8B4A-11D0-8D11-00A0C91BC942}") = "Lesson-13_DynamicMemory", "Lesson-13_DynamicMemory\Lesson-13_DynamicMemory.vcxproj", "{55EF7200-6E7E-40D9-B3BB-79E7FB09B605}"
EndProject
Project("{8BC9CEB8-8B4A-11D0-8D11-00A0C91BC942}") = "09_Homework_Sort_recursion_BinarySearch", "09_Homework_Sort_recursion_BinarySearch\09_Homework_Sort_recursion_BinarySearch.vcxproj", "{28AE30F5-59DC-4D32-9CAD-7372C10D0188}"
EndProject
Project("{8BC9CEB8-8B4A-11D0-8D11-00A0C91BC942}") = "10_Homework_Pointers", "10_Homework_Pointers\10_Homework_Pointers.vcxproj", "{A20FC982-99CD-4BB3-98AF-FC95302D2CF0}"
EndProject
Project("{8BC9CEB8-8B4A-11D0-8D11-00A0C91BC942}") = "10_Homework_DynamicMemory", "10_Homework_DynamicMemory\10_Homework_DynamicMemory.vcxproj", "{1A85E0B2-46E3-4CA2-91C9-C9BB48608545}"
EndProject
Project("{8BC9CEB8-8B4A-11D0-8D11-00A0C91BC942}") = "Lesson-14_DynamicTwoArr", "Lesson-14_DynamicTwoArr\Lesson-14_DynamicTwoArr.vcxproj", "{D99B6280-F887-4B51-A84A-45F02521B83E}"
EndProject
Project("{8BC9CEB8-8B4A-11D0-8D11-00A0C91BC942}") = "Lesson-15_C-Style_Rows", "Lesson-15_C-Style_Rows\Lesson-15_C-Style_Rows.vcxproj", "{D0CA6EFA-FAF1-4717-9D11-D8B9E3FF8E2E}"
EndProject
Project("{8BC9CEB8-8B4A-11D0-8D11-00A0C91BC942}") = "11_Homework_C-Style_Rows", "11_Homework_C-Style_Rows\11_Homework_C-Style_Rows.vcxproj", "{44EACFB1-797A-493B-A02A-29CE6B0B1A17}"
EndProject
Project("{8BC9CEB8-8B4A-11D0-8D11-00A0C91BC942}") = "Lesson-16_Structures", "Lesson-16_Structures\Lesson-16_Structures.vcxproj", "{E661AFB6-A925-4B18-AC25-49579E13978C}"
EndProject
Project("{8BC9CEB8-8B4A-11D0-8D11-00A0C91BC942}") = "Lesson-17_StructInFunction", "Lesson-17_StructInFunction\Lesson-17_StructInFunction.vcxproj", "{59145C6B-D380-4C10-8FD0-F89C13564BA5}"
EndProject
Project("{8BC9CEB8-8B4A-11D0-8D11-00A0C91BC942}") = "Work_Struct_Libruary", "Work_Struct_Libruary\Work_Struct_Libruary.vcxproj", "{80A80482-0B2A-4821-A9A2-B565176BF15D}"
EndProject
Project("{8BC9CEB8-8B4A-11D0-8D11-00A0C91BC942}") = "Lesson-18_Files", "Lesson-18_Files\Lesson-18_Files.vcxproj", "{EC5D04E1-665E-444E-AC89-1996ACCB2575}"
EndProject
Project("{8BC9CEB8-8B4A-11D0-8D11-00A0C91BC942}") = "Lesson-18_HumanSaveToFile", "Lesson-18_HumanSaveToFile\Lesson-18_HumanSaveToFile.vcxproj", "{5BF812B8-5583-4EC1-A86A-416BBDBC0554}"
EndProject
Project("{8BC9CEB8-8B4A-11D0-8D11-00A0C91BC942}") = "12_Homework_Dynamic_Arrays", "12_Homework_Dynamic_Arrays\12_Homework_Dynamic_Arrays.vcxproj", "{E32E6338-0E56-4ED5-8638-5386F1CD12A8}"
EndProject
Project("{8BC9CEB8-8B4A-11D0-8D11-00A0C91BC942}") = "13_Himework_DynamycArrays1", "13_Himework_DynamycArrays1\13_Himework_DynamycArrays1.vcxproj", "{4EC5BAF7-8D7B-46B7-AD6A-0093E20AD1DC}"
EndProject
Project("{8BC9CEB8-8B4A-11D0-8D11-00A0C91BC942}") = "Lesson-19_Intro_to_OOP", "Lesson-19_Intro_to_OOP\Lesson-19_Intro_to_OOP.vcxproj", "{BA4F1FBF-2298-464A-BA8C-DC10CF8B6115}"
EndProject
Project("{8BC9CEB8-8B4A-11D0-8D11-00A0C91BC942}") = "Practical_work_OOP_Point", "Practical_work_OOP_Point\Practical_work_OOP_Point.vcxproj", "{6188724F-66B2-43C5-80A9-D1689C1CA1D8}"
EndProject
Project("{8BC9CEB8-8B4A-11D0-8D11-00A0C91BC942}") = "Lesson-20_OOP_Constructors_&_Destructors", "Lesson-20_OOP_Constructors_&_Destructors\Lesson-20_OOP_Constructors_&_Destructors.vcxproj", "{418E3750-BD64-4BA5-8231-5A9E30AF516A}"
EndProject
Project("{8BC9CEB8-8B4A-11D0-8D11-00A0C91BC942}") = "Practical_Work_Rectangle", "Practical_Work_Rectangle\Practical_Work_Rectangle.vcxproj", "{16CA5580-1DC5-4C35-97BF-E3634A7DBE85}"
EndProject
Project("{8BC9CEB8-8B4A-11D0-8D11-00A0C91BC942}") = "14_Homework_Struct", "14_Homework_Struct\14_Homework_Struct.vcxproj", "{0C4731C8-55C6-4AF9-B47F-0108B543DDE5}"
EndProject
Project("{8BC9CEB8-8B4A-11D0-8D11-00A0C91BC942}") = "15_Homework_Struct_Functions", "15_Homework_Struct_Functions\15_Homework_Struct_Functions.vcxproj", "{CD7EE333-59D0-40FE-AE81-5EF477334F00}"
EndProject
Project("{8BC9CEB8-8B4A-11D0-8D11-00A0C91BC942}") = "Homework-15_Intro_to_OOP", "Homework-15_Intro_to_OOP\Homework-15_Intro_to_OOP.vcxproj", "{5EDD4D3F-2359-461B-83C7-B8A8544FD99F}"
EndProject
Project("{8BC9CEB8-8B4A-11D0-8D11-00A0C91BC942}") = "Lesson-21_InlineFunctionsDelegationC-tors", "Lesson-21_InlineFunctionsDelegationC-tors\Lesson-21_InlineFunctionsDelegationC-tors.vcxproj", "{60D498B2-ADEE-4C7C-A987-D057C9FA95E0}"
EndProject
Project("{8BC9CEB8-8B4A-11D0-8D11-00A0C91BC942}") = "Lesson-22_Explicit", "Lesson-22_Explicit\Lesson-22_Explicit.vcxproj", "{02316A29-D159-46DA-92A4-C14E5058A7E4}"
EndProject
Project("{8BC9CEB8-8B4A-11D0-8D11-00A0C91BC942}") = "Lesson-23_ConstObjects", "Lesson-23_ConstObjects\Lesson-23_ConstObjects.vcxproj", "{418F0A1E-B5E0-4758-87E7-7C0C1EB3F745}"
EndProject
Project("{8BC9CEB8-8B4A-11D0-8D11-00A0C91BC942}") = "Lesson-24_OverloadOperators", "Lesson-24_OverloadOperators\Lesson-24_OverloadOperators.vcxproj", "{0270F2F4-5C3F-4162-BFA8-9EDD804975B4}"
EndProject
Project("{8BC9CEB8-8B4A-11D0-8D11-00A0C91BC942}") = "Practical_Work_Overload", "Practical_Work_Overload\Practical_Work_Overload.vcxproj", "{E4B30D21-B2D3-44DE-9AD4-60E5F7CD1E33}"
EndProject
Project("{8BC9CEB8-8B4A-11D0-8D11-00A0C91BC942}") = "17_Homework_CopyConstruct", "17_Homework_CopyConstruct\17_Homework_CopyConstruct.vcxproj", "{B49879E1-DA71-4C68-861D-15533595D28A}"
EndProject
Project("{8BC9CEB8-8B4A-11D0-8D11-00A0C91BC942}") = "Lesson-25_OverloadTypes", "Lesson-25_OverloadTypes\Lesson-25_OverloadTypes.vcxproj", "{DC537346-8A8F-4867-87CA-876CD4B32475}"
EndProject
Project("{8BC9CEB8-8B4A-11D0-8D11-00A0C91BC942}") = "Practical_work_OverloadTypes", "Practical_work_OverloadTypes\Practical_work_OverloadTypes.vcxproj", "{C645D6E1-1006-4E47-B988-EAB88660E0D2}"
EndProject
Project("{8BC9CEB8-8B4A-11D0-8D11-00A0C91BC942}") = "Lesson-26_Library", "Lesson-26_Library\Lesson-26_Library.vcxproj", "{B1322384-7BBC-43D1-9A59-6377E108EEBB}"
EndProject
Project("{8BC9CEB8-8B4A-11D0-8D11-00A0C91BC942}") = "Practical_work_Point-Files", "Practical_work_Point-Files\Practical_work_Point-Files.vcxproj", "{6C7C86FD-20E1-41CA-A390-D8AF7F18C979}"
EndProject
Project("{8BC9CEB8-8B4A-11D0-8D11-00A0C91BC942}") = "18_Homework_PhoneBook", "18_Homework_PhoneBook\18_Homework_PhoneBook.vcxproj", "{0AFAA0E9-B52D-4C52-B43D-0C0A120F2936}"
EndProject
Project("{8BC9CEB8-8B4A-11D0-8D11-00A0C91BC942}") = "19_Homework_Array", "19_Homework_Array\19_Homework_Array.vcxproj", "{B83C4511-48E6-4952-9F7C-6C2B104C84BC}"
EndProject
Project("{8BC9CEB8-8B4A-11D0-8D11-00A0C91BC942}") = "Lesson-27_TemplateClass", "Lesson-27_TemplateClass\Lesson-27_TemplateClass.vcxproj", "{F778A132-C8B1-4E87-B4DC-710A32DAFD48}"
EndProject
Project("{8BC9CEB8-8B4A-11D0-8D11-00A0C91BC942}") = "Lesson-28_InitializerList", "Lesson-28_InitializerList\Lesson-28_InitializerList.vcxproj", "{2CABC352-61BF-43C8-AA2F-740DBFF1DEE5}"
EndProject
Project("{8BC9CEB8-8B4A-11D0-8D11-00A0C91BC942}") = "Practical_work_InitializerList", "Practical_work_InitializerList\Practical_work_InitializerList.vcxproj", "{209BCEE3-9C72-450F-A60A-EB435665A0E2}"
EndProject
Project("{8BC9CEB8-8B4A-11D0-8D11-00A0C91BC942}") = "20_Homework_Overload_Airplane", "20_Homework_Overload_Airplane\20_Homework_Overload_Airplane.vcxproj", "{D99D7B38-20C2-4E9C-8F3D-0CF7115D52AA}"
EndProject
Project("{8BC9CEB8-8B4A-11D0-8D11-00A0C91BC942}") = "20_Homework_Overload_Array", "20_Homework_Overload_Array\20_Homework_Overload_Array.vcxproj", "{20E7C820-0AB0-4DA7-A516-FAFD656F8175}"
EndProject
Project("{8BC9CEB8-8B4A-11D0-8D11-00A0C91BC942}") = "20_Homework_Overload_Date", "20_Homework_Overload_Date\20_Homework_Overload_Date.vcxproj", "{4CCB177B-204E-484F-8BFC-07CBA8E9F838}"
EndProject
Project("{8BC9CEB8-8B4A-11D0-8D11-00A0C91BC942}") = "29_Stack", "29_Stack\29_Stack.vcxproj", "{748A3C6C-B91A-48AA-9EA8-75C7F3B23A36}"
EndProject
Project("{8BC9CEB8-8B4A-11D0-8D11-00A0C91BC942}") = "30_Queue", "30_Queue\30_Queue.vcxproj", "{0229FCAC-8567-48F0-9536-FB82991CF77A}"
EndProject
Project("{8BC9CEB8-8B4A-11D0-8D11-00A0C91BC942}") = "31_QueueWithPriority", "31_QueueWithPriority\31_QueueWithPriority.vcxproj", "{BA2D015C-FBB4-49ED-AE29-D01FFBE278B5}"
EndProject
Project("{8BC9CEB8-8B4A-11D0-8D11-00A0C91BC942}") = "Practicalwork_Stack", "Practicalwork_Stack\Practicalwork_Stack.vcxproj", "{E717B9ED-217D-4E5C-BBAE-F591B8F6BFB1}"
EndProject
Project("{8BC9CEB8-8B4A-11D0-8D11-00A0C91BC942}") = "21_Homework_Move Constructor", "21_Homework_Move Constructor\21_Homework_Move Constructor.vcxproj", "{F9F45E8E-84A4-42B1-87A5-FB43A4B194FE}"
EndProject
Project("{8BC9CEB8-8B4A-11D0-8D11-00A0C91BC942}") = "32_Lesson_SingleLinkedList", "32_Lesson_SingleLinkedList\32_Lesson_SingleLinkedList.vcxproj", "{70F70B18-C795-4525-B770-27A40119D7A0}"
EndProject
Project("{8BC9CEB8-8B4A-11D0-8D11-00A0C91BC942}") = "Practicalwork_SingleLinkedList_Vector", "Practicalwork_SingleLinkedList_Vector\Practicalwork_SingleLinkedList_Vector.vcxproj", "{4C38146D-9817-4356-85E5-F42AEA0361F6}"
EndProject
Project("{8BC9CEB8-8B4A-11D0-8D11-00A0C91BC942}") = "33_DoubleLinkedList", "33_DoubleLinkedList\33_DoubleLinkedList.vcxproj", "{0E7CDF60-F169-4584-8C26-7E3FC30016E7}"
EndProject
Project("{8BC9CEB8-8B4A-11D0-8D11-00A0C91BC942}") = "35_Inheritance", "35_Inheritance\35_Inheritance.vcxproj", "{2C7F0B42-6773-43F5-91A8-E7E2783F50B0}"
EndProject
Project("{8BC9CEB8-8B4A-11D0-8D11-00A0C91BC942}") = "Practical_work_Inheritance_Aspirant", "Practical_work_Inheritance_Aspirant\Practical_work_Inheritance_Aspirant.vcxproj", "{AD1666B6-8AE8-4101-9478-80AEB343ECEE}"
EndProject
Project("{8BC9CEB8-8B4A-11D0-8D11-00A0C91BC942}") = "Practical_work_Inheritance_Passport", "Practical_work_Inheritance_Passport\Practical_work_Inheritance_Passport.vcxproj", "{66B5398F-0623-4781-92A0-17F601D72067}"
EndProject
Project("{8BC9CEB8-8B4A-11D0-8D11-00A0C91BC942}") = "AbstractClass", "AbstractClass\AbstractClass.vcxproj", "{A4B3997A-E805-47EA-A522-3325202E127D}"
EndProject
Project("{8BC9CEB8-8B4A-11D0-8D11-00A0C91BC942}") = "Homework_AbstractClass", "Homework_AbstractClass\Homework_AbstractClass.vcxproj", "{34E2C6DD-3E7A-4320-9A98-2757F12848DC}"
EndProject
Project("{8BC9CEB8-8B4A-11D0-8D11-00A0C91BC942}") = "Homework_Dynamic_Data_Structures_Stack_Queue", "Homework_Dynamic_Data_Structures_Stack_Queue\Homework_Dynamic_Data_Structures_Stack_Queue.vcxproj", "{3CFB071E-56EF-4217-85E8-A9E56C04D684}"
EndProject
Project("{8BC9CEB8-8B4A-11D0-8D11-00A0C91BC942}") = "34_VirtualDestructor", "34_VirtualDestructor\34_VirtualDestructor.vcxproj", "{76C19B77-C4E1-4010-9A6A-0CD0DE4FF4AB}"
EndProject
Project("{8BC9CEB8-8B4A-11D0-8D11-00A0C91BC942}") = "35_Multiple_Inheritance", "35_Multiple_Inheritance\35_Multiple_Inheritance.vcxproj", "{CA092FA4-6208-46C0-9792-6EA99CA3CDB8}"
EndProject
Project("{8BC9CEB8-8B4A-11D0-8D11-00A0C91BC942}") = "Practical_work_Pizza_Factory", "Practical_work_Pizza_Factory\Practical_work_Pizza_Factory.vcxproj", "{69B4B28A-0E09-421F-B3C2-72293E052337}"
EndProject
Project("{8BC9CEB8-8B4A-11D0-8D11-00A0C91BC942}") = "Homework_Polymorphism", "Homework_Polymorphism\Homework_Polymorphism.vcxproj", "{8D68CEBA-3155-4B1E-959A-FC152EBBA619}"
EndProject
Project("{8BC9CEB8-8B4A-11D0-8D11-00A0C91BC942}") = "37_Exception", "37_Exception\37_Exception.vcxproj", "{49297FD7-35AE-42F8-87DE-B7F9AD5D4A14}"
EndProject
Project("{8BC9CEB8-8B4A-11D0-8D11-00A0C91BC942}") = "38_StandartExceptions", "38_StandartExceptions\38_StandartExceptions.vcxproj", "{D984DB71-BD0D-497B-ADF4-43084606D0B7}"
EndProject
Project("{8BC9CEB8-8B4A-11D0-8D11-00A0C91BC942}") = "39_ZooSaveToFile", "39_ZooSaveToFile\39_ZooSaveToFile.vcxproj", "{AA56D1E4-D228-4A21-B981-0787B86B5B9C}"
EndProject
Project("{8BC9CEB8-8B4A-11D0-8D11-00A0C91BC942}") = "Practice_Exception", "Practice_Exception\Practice_Exception.vcxproj", "{A1D7CFA1-2F62-4E4E-B2ED-E55DBE134813}"
EndProject
Project("{8BC9CEB8-8B4A-11D0-8D11-00A0C91BC942}") = "40_Vector", "40_Vector\40_Vector.vcxproj", "{EE2A0F51-0D82-4BE9-A80F-20F137A3AB62}"
EndProject
Project("{8BC9CEB8-8B4A-11D0-8D11-00A0C91BC942}") = "42_String", "42_String\42_String.vcxproj", "{417F3B8F-7157-4697-8258-A4B9E636E002}"
EndProject
Project("{8BC9CEB8-8B4A-11D0-8D11-00A0C91BC942}") = "Homework_Double_Linked_List", "Homework_Double_Linked_List\Homework_Double_Linked_List.vcxproj", "{C0CC68A8-3908-4F6C-A140-D00538336C6E}"
EndProject
Project("{8BC9CEB8-8B4A-11D0-8D11-00A0C91BC942}") = "Homework_Virtual_Destructor", "Homework_Virtual_Destructor\Homework_Virtual_Destructor.vcxproj", "{0C4B201B-4966-4CA2-88BF-42FD4158A3FC}"
EndProject
Project("{8BC9CEB8-8B4A-11D0-8D11-00A0C91BC942}") = "Homework_Agregation_Composition", "Homework_Agregation_Composition\Homework_Agregation_Composition.vcxproj", "{5F6E950D-6C07-4C99-BDD7-AA579456FCAA}"
EndProject
Project("{8BC9CEB8-8B4A-11D0-8D11-00A0C91BC942}") = "Homework_Files", "Homework_Files\Homework_Files.vcxproj", "{6F23ECDE-8933-409C-94FB-ED72ACEE065F}"
EndProject
Global
	GlobalSection(SolutionConfigurationPlatforms) = preSolution
		Debug|x64 = Debug|x64
		Debug|x86 = Debug|x86
		Release|x64 = Release|x64
		Release|x86 = Release|x86
	EndGlobalSection
	GlobalSection(ProjectConfigurationPlatforms) = postSolution
		{74159EC2-1C7D-47B4-9B3E-DF77C023A21D}.Debug|x64.ActiveCfg = Debug|x64
		{74159EC2-1C7D-47B4-9B3E-DF77C023A21D}.Debug|x64.Build.0 = Debug|x64
		{74159EC2-1C7D-47B4-9B3E-DF77C023A21D}.Debug|x86.ActiveCfg = Debug|Win32
		{74159EC2-1C7D-47B4-9B3E-DF77C023A21D}.Debug|x86.Build.0 = Debug|Win32
		{74159EC2-1C7D-47B4-9B3E-DF77C023A21D}.Release|x64.ActiveCfg = Release|x64
		{74159EC2-1C7D-47B4-9B3E-DF77C023A21D}.Release|x64.Build.0 = Release|x64
		{74159EC2-1C7D-47B4-9B3E-DF77C023A21D}.Release|x86.ActiveCfg = Release|Win32
		{74159EC2-1C7D-47B4-9B3E-DF77C023A21D}.Release|x86.Build.0 = Release|Win32
		{FF2AC421-6685-4429-8C12-1A7E8260A2AE}.Debug|x64.ActiveCfg = Debug|x64
		{FF2AC421-6685-4429-8C12-1A7E8260A2AE}.Debug|x64.Build.0 = Debug|x64
		{FF2AC421-6685-4429-8C12-1A7E8260A2AE}.Debug|x86.ActiveCfg = Debug|Win32
		{FF2AC421-6685-4429-8C12-1A7E8260A2AE}.Debug|x86.Build.0 = Debug|Win32
		{FF2AC421-6685-4429-8C12-1A7E8260A2AE}.Release|x64.ActiveCfg = Release|x64
		{FF2AC421-6685-4429-8C12-1A7E8260A2AE}.Release|x64.Build.0 = Release|x64
		{FF2AC421-6685-4429-8C12-1A7E8260A2AE}.Release|x86.ActiveCfg = Release|Win32
		{FF2AC421-6685-4429-8C12-1A7E8260A2AE}.Release|x86.Build.0 = Release|Win32
		{92E6A7D9-ABF3-48F4-8510-D3AEA8A70041}.Debug|x64.ActiveCfg = Debug|x64
		{92E6A7D9-ABF3-48F4-8510-D3AEA8A70041}.Debug|x64.Build.0 = Debug|x64
		{92E6A7D9-ABF3-48F4-8510-D3AEA8A70041}.Debug|x86.ActiveCfg = Debug|Win32
		{92E6A7D9-ABF3-48F4-8510-D3AEA8A70041}.Debug|x86.Build.0 = Debug|Win32
		{92E6A7D9-ABF3-48F4-8510-D3AEA8A70041}.Release|x64.ActiveCfg = Release|x64
		{92E6A7D9-ABF3-48F4-8510-D3AEA8A70041}.Release|x64.Build.0 = Release|x64
		{92E6A7D9-ABF3-48F4-8510-D3AEA8A70041}.Release|x86.ActiveCfg = Release|Win32
		{92E6A7D9-ABF3-48F4-8510-D3AEA8A70041}.Release|x86.Build.0 = Release|Win32
		{074F06E0-3B0F-4F98-B9BF-ADF6E859D628}.Debug|x64.ActiveCfg = Debug|x64
		{074F06E0-3B0F-4F98-B9BF-ADF6E859D628}.Debug|x64.Build.0 = Debug|x64
		{074F06E0-3B0F-4F98-B9BF-ADF6E859D628}.Debug|x86.ActiveCfg = Debug|Win32
		{074F06E0-3B0F-4F98-B9BF-ADF6E859D628}.Debug|x86.Build.0 = Debug|Win32
		{074F06E0-3B0F-4F98-B9BF-ADF6E859D628}.Release|x64.ActiveCfg = Release|x64
		{074F06E0-3B0F-4F98-B9BF-ADF6E859D628}.Release|x64.Build.0 = Release|x64
		{074F06E0-3B0F-4F98-B9BF-ADF6E859D628}.Release|x86.ActiveCfg = Release|Win32
		{074F06E0-3B0F-4F98-B9BF-ADF6E859D628}.Release|x86.Build.0 = Release|Win32
		{F0ECFC42-44EB-4620-B330-1B2EF64A5851}.Debug|x64.ActiveCfg = Debug|x64
		{F0ECFC42-44EB-4620-B330-1B2EF64A5851}.Debug|x64.Build.0 = Debug|x64
		{F0ECFC42-44EB-4620-B330-1B2EF64A5851}.Debug|x86.ActiveCfg = Debug|Win32
		{F0ECFC42-44EB-4620-B330-1B2EF64A5851}.Debug|x86.Build.0 = Debug|Win32
		{F0ECFC42-44EB-4620-B330-1B2EF64A5851}.Release|x64.ActiveCfg = Release|x64
		{F0ECFC42-44EB-4620-B330-1B2EF64A5851}.Release|x64.Build.0 = Release|x64
		{F0ECFC42-44EB-4620-B330-1B2EF64A5851}.Release|x86.ActiveCfg = Release|Win32
		{F0ECFC42-44EB-4620-B330-1B2EF64A5851}.Release|x86.Build.0 = Release|Win32
		{71CA4056-A137-4AF1-9148-B72168423D36}.Debug|x64.ActiveCfg = Debug|x64
		{71CA4056-A137-4AF1-9148-B72168423D36}.Debug|x64.Build.0 = Debug|x64
		{71CA4056-A137-4AF1-9148-B72168423D36}.Debug|x86.ActiveCfg = Debug|Win32
		{71CA4056-A137-4AF1-9148-B72168423D36}.Debug|x86.Build.0 = Debug|Win32
		{71CA4056-A137-4AF1-9148-B72168423D36}.Release|x64.ActiveCfg = Release|x64
		{71CA4056-A137-4AF1-9148-B72168423D36}.Release|x64.Build.0 = Release|x64
		{71CA4056-A137-4AF1-9148-B72168423D36}.Release|x86.ActiveCfg = Release|Win32
		{71CA4056-A137-4AF1-9148-B72168423D36}.Release|x86.Build.0 = Release|Win32
		{1662A8FB-88F6-4B39-AFA3-FA24523AF357}.Debug|x64.ActiveCfg = Debug|x64
		{1662A8FB-88F6-4B39-AFA3-FA24523AF357}.Debug|x64.Build.0 = Debug|x64
		{1662A8FB-88F6-4B39-AFA3-FA24523AF357}.Debug|x86.ActiveCfg = Debug|Win32
		{1662A8FB-88F6-4B39-AFA3-FA24523AF357}.Debug|x86.Build.0 = Debug|Win32
		{1662A8FB-88F6-4B39-AFA3-FA24523AF357}.Release|x64.ActiveCfg = Release|x64
		{1662A8FB-88F6-4B39-AFA3-FA24523AF357}.Release|x64.Build.0 = Release|x64
		{1662A8FB-88F6-4B39-AFA3-FA24523AF357}.Release|x86.ActiveCfg = Release|Win32
		{1662A8FB-88F6-4B39-AFA3-FA24523AF357}.Release|x86.Build.0 = Release|Win32
		{9F20BF87-3B24-4995-9314-970CC5A19178}.Debug|x64.ActiveCfg = Debug|x64
		{9F20BF87-3B24-4995-9314-970CC5A19178}.Debug|x64.Build.0 = Debug|x64
		{9F20BF87-3B24-4995-9314-970CC5A19178}.Debug|x86.ActiveCfg = Debug|Win32
		{9F20BF87-3B24-4995-9314-970CC5A19178}.Debug|x86.Build.0 = Debug|Win32
		{9F20BF87-3B24-4995-9314-970CC5A19178}.Release|x64.ActiveCfg = Release|x64
		{9F20BF87-3B24-4995-9314-970CC5A19178}.Release|x64.Build.0 = Release|x64
		{9F20BF87-3B24-4995-9314-970CC5A19178}.Release|x86.ActiveCfg = Release|Win32
		{9F20BF87-3B24-4995-9314-970CC5A19178}.Release|x86.Build.0 = Release|Win32
		{491F7498-1377-41B9-93E9-D0CD283B2250}.Debug|x64.ActiveCfg = Debug|x64
		{491F7498-1377-41B9-93E9-D0CD283B2250}.Debug|x64.Build.0 = Debug|x64
		{491F7498-1377-41B9-93E9-D0CD283B2250}.Debug|x86.ActiveCfg = Debug|Win32
		{491F7498-1377-41B9-93E9-D0CD283B2250}.Debug|x86.Build.0 = Debug|Win32
		{491F7498-1377-41B9-93E9-D0CD283B2250}.Release|x64.ActiveCfg = Release|x64
		{491F7498-1377-41B9-93E9-D0CD283B2250}.Release|x64.Build.0 = Release|x64
		{491F7498-1377-41B9-93E9-D0CD283B2250}.Release|x86.ActiveCfg = Release|Win32
		{491F7498-1377-41B9-93E9-D0CD283B2250}.Release|x86.Build.0 = Release|Win32
		{6DA9691F-CAA2-419B-ADF9-8954945080DD}.Debug|x64.ActiveCfg = Debug|x64
		{6DA9691F-CAA2-419B-ADF9-8954945080DD}.Debug|x64.Build.0 = Debug|x64
		{6DA9691F-CAA2-419B-ADF9-8954945080DD}.Debug|x86.ActiveCfg = Debug|Win32
		{6DA9691F-CAA2-419B-ADF9-8954945080DD}.Debug|x86.Build.0 = Debug|Win32
		{6DA9691F-CAA2-419B-ADF9-8954945080DD}.Release|x64.ActiveCfg = Release|x64
		{6DA9691F-CAA2-419B-ADF9-8954945080DD}.Release|x64.Build.0 = Release|x64
		{6DA9691F-CAA2-419B-ADF9-8954945080DD}.Release|x86.ActiveCfg = Release|Win32
		{6DA9691F-CAA2-419B-ADF9-8954945080DD}.Release|x86.Build.0 = Release|Win32
		{32CA7FCD-72C6-4150-8805-5FA74F854171}.Debug|x64.ActiveCfg = Debug|x64
		{32CA7FCD-72C6-4150-8805-5FA74F854171}.Debug|x64.Build.0 = Debug|x64
		{32CA7FCD-72C6-4150-8805-5FA74F854171}.Debug|x86.ActiveCfg = Debug|Win32
		{32CA7FCD-72C6-4150-8805-5FA74F854171}.Debug|x86.Build.0 = Debug|Win32
		{32CA7FCD-72C6-4150-8805-5FA74F854171}.Release|x64.ActiveCfg = Release|x64
		{32CA7FCD-72C6-4150-8805-5FA74F854171}.Release|x64.Build.0 = Release|x64
		{32CA7FCD-72C6-4150-8805-5FA74F854171}.Release|x86.ActiveCfg = Release|Win32
		{32CA7FCD-72C6-4150-8805-5FA74F854171}.Release|x86.Build.0 = Release|Win32
		{A61E08CC-B92C-403C-A5CB-09043631CA0B}.Debug|x64.ActiveCfg = Debug|x64
		{A61E08CC-B92C-403C-A5CB-09043631CA0B}.Debug|x64.Build.0 = Debug|x64
		{A61E08CC-B92C-403C-A5CB-09043631CA0B}.Debug|x86.ActiveCfg = Debug|Win32
		{A61E08CC-B92C-403C-A5CB-09043631CA0B}.Debug|x86.Build.0 = Debug|Win32
		{A61E08CC-B92C-403C-A5CB-09043631CA0B}.Release|x64.ActiveCfg = Release|x64
		{A61E08CC-B92C-403C-A5CB-09043631CA0B}.Release|x64.Build.0 = Release|x64
		{A61E08CC-B92C-403C-A5CB-09043631CA0B}.Release|x86.ActiveCfg = Release|Win32
		{A61E08CC-B92C-403C-A5CB-09043631CA0B}.Release|x86.Build.0 = Release|Win32
		{548CF51C-3EB3-4026-A8B9-5501F61A0F59}.Debug|x64.ActiveCfg = Debug|x64
		{548CF51C-3EB3-4026-A8B9-5501F61A0F59}.Debug|x64.Build.0 = Debug|x64
		{548CF51C-3EB3-4026-A8B9-5501F61A0F59}.Debug|x86.ActiveCfg = Debug|Win32
		{548CF51C-3EB3-4026-A8B9-5501F61A0F59}.Debug|x86.Build.0 = Debug|Win32
		{548CF51C-3EB3-4026-A8B9-5501F61A0F59}.Release|x64.ActiveCfg = Release|x64
		{548CF51C-3EB3-4026-A8B9-5501F61A0F59}.Release|x64.Build.0 = Release|x64
		{548CF51C-3EB3-4026-A8B9-5501F61A0F59}.Release|x86.ActiveCfg = Release|Win32
		{548CF51C-3EB3-4026-A8B9-5501F61A0F59}.Release|x86.Build.0 = Release|Win32
		{006043C1-412E-4A56-AD5D-B3AC665834EE}.Debug|x64.ActiveCfg = Debug|x64
		{006043C1-412E-4A56-AD5D-B3AC665834EE}.Debug|x64.Build.0 = Debug|x64
		{006043C1-412E-4A56-AD5D-B3AC665834EE}.Debug|x86.ActiveCfg = Debug|Win32
		{006043C1-412E-4A56-AD5D-B3AC665834EE}.Debug|x86.Build.0 = Debug|Win32
		{006043C1-412E-4A56-AD5D-B3AC665834EE}.Release|x64.ActiveCfg = Release|x64
		{006043C1-412E-4A56-AD5D-B3AC665834EE}.Release|x64.Build.0 = Release|x64
		{006043C1-412E-4A56-AD5D-B3AC665834EE}.Release|x86.ActiveCfg = Release|Win32
		{006043C1-412E-4A56-AD5D-B3AC665834EE}.Release|x86.Build.0 = Release|Win32
		{D7F197F9-645C-41A3-9E83-951533DBDC12}.Debug|x64.ActiveCfg = Debug|x64
		{D7F197F9-645C-41A3-9E83-951533DBDC12}.Debug|x64.Build.0 = Debug|x64
		{D7F197F9-645C-41A3-9E83-951533DBDC12}.Debug|x86.ActiveCfg = Debug|Win32
		{D7F197F9-645C-41A3-9E83-951533DBDC12}.Debug|x86.Build.0 = Debug|Win32
		{D7F197F9-645C-41A3-9E83-951533DBDC12}.Release|x64.ActiveCfg = Release|x64
		{D7F197F9-645C-41A3-9E83-951533DBDC12}.Release|x64.Build.0 = Release|x64
		{D7F197F9-645C-41A3-9E83-951533DBDC12}.Release|x86.ActiveCfg = Release|Win32
		{D7F197F9-645C-41A3-9E83-951533DBDC12}.Release|x86.Build.0 = Release|Win32
		{2ED6CDCF-5DC4-42BA-9467-4550A00EF871}.Debug|x64.ActiveCfg = Debug|x64
		{2ED6CDCF-5DC4-42BA-9467-4550A00EF871}.Debug|x64.Build.0 = Debug|x64
		{2ED6CDCF-5DC4-42BA-9467-4550A00EF871}.Debug|x86.ActiveCfg = Debug|Win32
		{2ED6CDCF-5DC4-42BA-9467-4550A00EF871}.Debug|x86.Build.0 = Debug|Win32
		{2ED6CDCF-5DC4-42BA-9467-4550A00EF871}.Release|x64.ActiveCfg = Release|x64
		{2ED6CDCF-5DC4-42BA-9467-4550A00EF871}.Release|x64.Build.0 = Release|x64
		{2ED6CDCF-5DC4-42BA-9467-4550A00EF871}.Release|x86.ActiveCfg = Release|Win32
		{2ED6CDCF-5DC4-42BA-9467-4550A00EF871}.Release|x86.Build.0 = Release|Win32
		{FF75F982-359A-4FA7-86B5-63CDE15E4FD9}.Debug|x64.ActiveCfg = Debug|x64
		{FF75F982-359A-4FA7-86B5-63CDE15E4FD9}.Debug|x64.Build.0 = Debug|x64
		{FF75F982-359A-4FA7-86B5-63CDE15E4FD9}.Debug|x86.ActiveCfg = Debug|Win32
		{FF75F982-359A-4FA7-86B5-63CDE15E4FD9}.Debug|x86.Build.0 = Debug|Win32
		{FF75F982-359A-4FA7-86B5-63CDE15E4FD9}.Release|x64.ActiveCfg = Release|x64
		{FF75F982-359A-4FA7-86B5-63CDE15E4FD9}.Release|x64.Build.0 = Release|x64
		{FF75F982-359A-4FA7-86B5-63CDE15E4FD9}.Release|x86.ActiveCfg = Release|Win32
		{FF75F982-359A-4FA7-86B5-63CDE15E4FD9}.Release|x86.Build.0 = Release|Win32
		{EB54AC79-2421-4BF1-B36D-BE96FA17847F}.Debug|x64.ActiveCfg = Debug|x64
		{EB54AC79-2421-4BF1-B36D-BE96FA17847F}.Debug|x64.Build.0 = Debug|x64
		{EB54AC79-2421-4BF1-B36D-BE96FA17847F}.Debug|x86.ActiveCfg = Debug|Win32
		{EB54AC79-2421-4BF1-B36D-BE96FA17847F}.Debug|x86.Build.0 = Debug|Win32
		{EB54AC79-2421-4BF1-B36D-BE96FA17847F}.Release|x64.ActiveCfg = Release|x64
		{EB54AC79-2421-4BF1-B36D-BE96FA17847F}.Release|x64.Build.0 = Release|x64
		{EB54AC79-2421-4BF1-B36D-BE96FA17847F}.Release|x86.ActiveCfg = Release|Win32
		{EB54AC79-2421-4BF1-B36D-BE96FA17847F}.Release|x86.Build.0 = Release|Win32
		{5953F0D7-D11F-4B3C-B66B-45490084FB6A}.Debug|x64.ActiveCfg = Debug|x64
		{5953F0D7-D11F-4B3C-B66B-45490084FB6A}.Debug|x64.Build.0 = Debug|x64
		{5953F0D7-D11F-4B3C-B66B-45490084FB6A}.Debug|x86.ActiveCfg = Debug|Win32
		{5953F0D7-D11F-4B3C-B66B-45490084FB6A}.Debug|x86.Build.0 = Debug|Win32
		{5953F0D7-D11F-4B3C-B66B-45490084FB6A}.Release|x64.ActiveCfg = Release|x64
		{5953F0D7-D11F-4B3C-B66B-45490084FB6A}.Release|x64.Build.0 = Release|x64
		{5953F0D7-D11F-4B3C-B66B-45490084FB6A}.Release|x86.ActiveCfg = Release|Win32
		{5953F0D7-D11F-4B3C-B66B-45490084FB6A}.Release|x86.Build.0 = Release|Win32
		{CA9FE97D-B4AE-4916-8E40-899A394AFFAE}.Debug|x64.ActiveCfg = Debug|x64
		{CA9FE97D-B4AE-4916-8E40-899A394AFFAE}.Debug|x64.Build.0 = Debug|x64
		{CA9FE97D-B4AE-4916-8E40-899A394AFFAE}.Debug|x86.ActiveCfg = Debug|Win32
		{CA9FE97D-B4AE-4916-8E40-899A394AFFAE}.Debug|x86.Build.0 = Debug|Win32
		{CA9FE97D-B4AE-4916-8E40-899A394AFFAE}.Release|x64.ActiveCfg = Release|x64
		{CA9FE97D-B4AE-4916-8E40-899A394AFFAE}.Release|x64.Build.0 = Release|x64
		{CA9FE97D-B4AE-4916-8E40-899A394AFFAE}.Release|x86.ActiveCfg = Release|Win32
		{CA9FE97D-B4AE-4916-8E40-899A394AFFAE}.Release|x86.Build.0 = Release|Win32
		{2C4E9957-A1DD-4F7B-9F5E-54CF98741FE7}.Debug|x64.ActiveCfg = Debug|x64
		{2C4E9957-A1DD-4F7B-9F5E-54CF98741FE7}.Debug|x64.Build.0 = Debug|x64
		{2C4E9957-A1DD-4F7B-9F5E-54CF98741FE7}.Debug|x86.ActiveCfg = Debug|Win32
		{2C4E9957-A1DD-4F7B-9F5E-54CF98741FE7}.Debug|x86.Build.0 = Debug|Win32
		{2C4E9957-A1DD-4F7B-9F5E-54CF98741FE7}.Release|x64.ActiveCfg = Release|x64
		{2C4E9957-A1DD-4F7B-9F5E-54CF98741FE7}.Release|x64.Build.0 = Release|x64
		{2C4E9957-A1DD-4F7B-9F5E-54CF98741FE7}.Release|x86.ActiveCfg = Release|Win32
		{2C4E9957-A1DD-4F7B-9F5E-54CF98741FE7}.Release|x86.Build.0 = Release|Win32
		{447A91AB-533F-4076-9122-F82290E7FCD5}.Debug|x64.ActiveCfg = Debug|x64
		{447A91AB-533F-4076-9122-F82290E7FCD5}.Debug|x64.Build.0 = Debug|x64
		{447A91AB-533F-4076-9122-F82290E7FCD5}.Debug|x86.ActiveCfg = Debug|Win32
		{447A91AB-533F-4076-9122-F82290E7FCD5}.Debug|x86.Build.0 = Debug|Win32
		{447A91AB-533F-4076-9122-F82290E7FCD5}.Release|x64.ActiveCfg = Release|x64
		{447A91AB-533F-4076-9122-F82290E7FCD5}.Release|x64.Build.0 = Release|x64
		{447A91AB-533F-4076-9122-F82290E7FCD5}.Release|x86.ActiveCfg = Release|Win32
		{447A91AB-533F-4076-9122-F82290E7FCD5}.Release|x86.Build.0 = Release|Win32
		{FFE949C8-4610-4525-B31B-9C9C3755B063}.Debug|x64.ActiveCfg = Debug|x64
		{FFE949C8-4610-4525-B31B-9C9C3755B063}.Debug|x64.Build.0 = Debug|x64
		{FFE949C8-4610-4525-B31B-9C9C3755B063}.Debug|x86.ActiveCfg = Debug|Win32
		{FFE949C8-4610-4525-B31B-9C9C3755B063}.Debug|x86.Build.0 = Debug|Win32
		{FFE949C8-4610-4525-B31B-9C9C3755B063}.Release|x64.ActiveCfg = Release|x64
		{FFE949C8-4610-4525-B31B-9C9C3755B063}.Release|x64.Build.0 = Release|x64
		{FFE949C8-4610-4525-B31B-9C9C3755B063}.Release|x86.ActiveCfg = Release|Win32
		{FFE949C8-4610-4525-B31B-9C9C3755B063}.Release|x86.Build.0 = Release|Win32
		{52E9C799-3DB1-4CD2-B046-96AF269BD2CC}.Debug|x64.ActiveCfg = Debug|x64
		{52E9C799-3DB1-4CD2-B046-96AF269BD2CC}.Debug|x64.Build.0 = Debug|x64
		{52E9C799-3DB1-4CD2-B046-96AF269BD2CC}.Debug|x86.ActiveCfg = Debug|Win32
		{52E9C799-3DB1-4CD2-B046-96AF269BD2CC}.Debug|x86.Build.0 = Debug|Win32
		{52E9C799-3DB1-4CD2-B046-96AF269BD2CC}.Release|x64.ActiveCfg = Release|x64
		{52E9C799-3DB1-4CD2-B046-96AF269BD2CC}.Release|x64.Build.0 = Release|x64
		{52E9C799-3DB1-4CD2-B046-96AF269BD2CC}.Release|x86.ActiveCfg = Release|Win32
		{52E9C799-3DB1-4CD2-B046-96AF269BD2CC}.Release|x86.Build.0 = Release|Win32
		{3ABFA70E-0B39-4698-BB02-E3D743A14C25}.Debug|x64.ActiveCfg = Debug|x64
		{3ABFA70E-0B39-4698-BB02-E3D743A14C25}.Debug|x64.Build.0 = Debug|x64
		{3ABFA70E-0B39-4698-BB02-E3D743A14C25}.Debug|x86.ActiveCfg = Debug|Win32
		{3ABFA70E-0B39-4698-BB02-E3D743A14C25}.Debug|x86.Build.0 = Debug|Win32
		{3ABFA70E-0B39-4698-BB02-E3D743A14C25}.Release|x64.ActiveCfg = Release|x64
		{3ABFA70E-0B39-4698-BB02-E3D743A14C25}.Release|x64.Build.0 = Release|x64
		{3ABFA70E-0B39-4698-BB02-E3D743A14C25}.Release|x86.ActiveCfg = Release|Win32
		{3ABFA70E-0B39-4698-BB02-E3D743A14C25}.Release|x86.Build.0 = Release|Win32
		{5265345C-4EEA-4A95-A6C6-BCF47104B741}.Debug|x64.ActiveCfg = Debug|x64
		{5265345C-4EEA-4A95-A6C6-BCF47104B741}.Debug|x64.Build.0 = Debug|x64
		{5265345C-4EEA-4A95-A6C6-BCF47104B741}.Debug|x86.ActiveCfg = Debug|Win32
		{5265345C-4EEA-4A95-A6C6-BCF47104B741}.Debug|x86.Build.0 = Debug|Win32
		{5265345C-4EEA-4A95-A6C6-BCF47104B741}.Release|x64.ActiveCfg = Release|x64
		{5265345C-4EEA-4A95-A6C6-BCF47104B741}.Release|x64.Build.0 = Release|x64
		{5265345C-4EEA-4A95-A6C6-BCF47104B741}.Release|x86.ActiveCfg = Release|Win32
		{5265345C-4EEA-4A95-A6C6-BCF47104B741}.Release|x86.Build.0 = Release|Win32
		{55EF7200-6E7E-40D9-B3BB-79E7FB09B605}.Debug|x64.ActiveCfg = Debug|x64
		{55EF7200-6E7E-40D9-B3BB-79E7FB09B605}.Debug|x64.Build.0 = Debug|x64
		{55EF7200-6E7E-40D9-B3BB-79E7FB09B605}.Debug|x86.ActiveCfg = Debug|Win32
		{55EF7200-6E7E-40D9-B3BB-79E7FB09B605}.Debug|x86.Build.0 = Debug|Win32
		{55EF7200-6E7E-40D9-B3BB-79E7FB09B605}.Release|x64.ActiveCfg = Release|x64
		{55EF7200-6E7E-40D9-B3BB-79E7FB09B605}.Release|x64.Build.0 = Release|x64
		{55EF7200-6E7E-40D9-B3BB-79E7FB09B605}.Release|x86.ActiveCfg = Release|Win32
		{55EF7200-6E7E-40D9-B3BB-79E7FB09B605}.Release|x86.Build.0 = Release|Win32
		{28AE30F5-59DC-4D32-9CAD-7372C10D0188}.Debug|x64.ActiveCfg = Debug|x64
		{28AE30F5-59DC-4D32-9CAD-7372C10D0188}.Debug|x64.Build.0 = Debug|x64
		{28AE30F5-59DC-4D32-9CAD-7372C10D0188}.Debug|x86.ActiveCfg = Debug|Win32
		{28AE30F5-59DC-4D32-9CAD-7372C10D0188}.Debug|x86.Build.0 = Debug|Win32
		{28AE30F5-59DC-4D32-9CAD-7372C10D0188}.Release|x64.ActiveCfg = Release|x64
		{28AE30F5-59DC-4D32-9CAD-7372C10D0188}.Release|x64.Build.0 = Release|x64
		{28AE30F5-59DC-4D32-9CAD-7372C10D0188}.Release|x86.ActiveCfg = Release|Win32
		{28AE30F5-59DC-4D32-9CAD-7372C10D0188}.Release|x86.Build.0 = Release|Win32
		{A20FC982-99CD-4BB3-98AF-FC95302D2CF0}.Debug|x64.ActiveCfg = Debug|x64
		{A20FC982-99CD-4BB3-98AF-FC95302D2CF0}.Debug|x64.Build.0 = Debug|x64
		{A20FC982-99CD-4BB3-98AF-FC95302D2CF0}.Debug|x86.ActiveCfg = Debug|Win32
		{A20FC982-99CD-4BB3-98AF-FC95302D2CF0}.Debug|x86.Build.0 = Debug|Win32
		{A20FC982-99CD-4BB3-98AF-FC95302D2CF0}.Release|x64.ActiveCfg = Release|x64
		{A20FC982-99CD-4BB3-98AF-FC95302D2CF0}.Release|x64.Build.0 = Release|x64
		{A20FC982-99CD-4BB3-98AF-FC95302D2CF0}.Release|x86.ActiveCfg = Release|Win32
		{A20FC982-99CD-4BB3-98AF-FC95302D2CF0}.Release|x86.Build.0 = Release|Win32
		{1A85E0B2-46E3-4CA2-91C9-C9BB48608545}.Debug|x64.ActiveCfg = Debug|x64
		{1A85E0B2-46E3-4CA2-91C9-C9BB48608545}.Debug|x64.Build.0 = Debug|x64
		{1A85E0B2-46E3-4CA2-91C9-C9BB48608545}.Debug|x86.ActiveCfg = Debug|Win32
		{1A85E0B2-46E3-4CA2-91C9-C9BB48608545}.Debug|x86.Build.0 = Debug|Win32
		{1A85E0B2-46E3-4CA2-91C9-C9BB48608545}.Release|x64.ActiveCfg = Release|x64
		{1A85E0B2-46E3-4CA2-91C9-C9BB48608545}.Release|x64.Build.0 = Release|x64
		{1A85E0B2-46E3-4CA2-91C9-C9BB48608545}.Release|x86.ActiveCfg = Release|Win32
		{1A85E0B2-46E3-4CA2-91C9-C9BB48608545}.Release|x86.Build.0 = Release|Win32
		{D99B6280-F887-4B51-A84A-45F02521B83E}.Debug|x64.ActiveCfg = Debug|x64
		{D99B6280-F887-4B51-A84A-45F02521B83E}.Debug|x64.Build.0 = Debug|x64
		{D99B6280-F887-4B51-A84A-45F02521B83E}.Debug|x86.ActiveCfg = Debug|Win32
		{D99B6280-F887-4B51-A84A-45F02521B83E}.Debug|x86.Build.0 = Debug|Win32
		{D99B6280-F887-4B51-A84A-45F02521B83E}.Release|x64.ActiveCfg = Release|x64
		{D99B6280-F887-4B51-A84A-45F02521B83E}.Release|x64.Build.0 = Release|x64
		{D99B6280-F887-4B51-A84A-45F02521B83E}.Release|x86.ActiveCfg = Release|Win32
		{D99B6280-F887-4B51-A84A-45F02521B83E}.Release|x86.Build.0 = Release|Win32
		{D0CA6EFA-FAF1-4717-9D11-D8B9E3FF8E2E}.Debug|x64.ActiveCfg = Debug|x64
		{D0CA6EFA-FAF1-4717-9D11-D8B9E3FF8E2E}.Debug|x64.Build.0 = Debug|x64
		{D0CA6EFA-FAF1-4717-9D11-D8B9E3FF8E2E}.Debug|x86.ActiveCfg = Debug|Win32
		{D0CA6EFA-FAF1-4717-9D11-D8B9E3FF8E2E}.Debug|x86.Build.0 = Debug|Win32
		{D0CA6EFA-FAF1-4717-9D11-D8B9E3FF8E2E}.Release|x64.ActiveCfg = Release|x64
		{D0CA6EFA-FAF1-4717-9D11-D8B9E3FF8E2E}.Release|x64.Build.0 = Release|x64
		{D0CA6EFA-FAF1-4717-9D11-D8B9E3FF8E2E}.Release|x86.ActiveCfg = Release|Win32
		{D0CA6EFA-FAF1-4717-9D11-D8B9E3FF8E2E}.Release|x86.Build.0 = Release|Win32
		{44EACFB1-797A-493B-A02A-29CE6B0B1A17}.Debug|x64.ActiveCfg = Debug|x64
		{44EACFB1-797A-493B-A02A-29CE6B0B1A17}.Debug|x64.Build.0 = Debug|x64
		{44EACFB1-797A-493B-A02A-29CE6B0B1A17}.Debug|x86.ActiveCfg = Debug|Win32
		{44EACFB1-797A-493B-A02A-29CE6B0B1A17}.Debug|x86.Build.0 = Debug|Win32
		{44EACFB1-797A-493B-A02A-29CE6B0B1A17}.Release|x64.ActiveCfg = Release|x64
		{44EACFB1-797A-493B-A02A-29CE6B0B1A17}.Release|x64.Build.0 = Release|x64
		{44EACFB1-797A-493B-A02A-29CE6B0B1A17}.Release|x86.ActiveCfg = Release|Win32
		{44EACFB1-797A-493B-A02A-29CE6B0B1A17}.Release|x86.Build.0 = Release|Win32
		{E661AFB6-A925-4B18-AC25-49579E13978C}.Debug|x64.ActiveCfg = Debug|x64
		{E661AFB6-A925-4B18-AC25-49579E13978C}.Debug|x64.Build.0 = Debug|x64
		{E661AFB6-A925-4B18-AC25-49579E13978C}.Debug|x86.ActiveCfg = Debug|Win32
		{E661AFB6-A925-4B18-AC25-49579E13978C}.Debug|x86.Build.0 = Debug|Win32
		{E661AFB6-A925-4B18-AC25-49579E13978C}.Release|x64.ActiveCfg = Release|x64
		{E661AFB6-A925-4B18-AC25-49579E13978C}.Release|x64.Build.0 = Release|x64
		{E661AFB6-A925-4B18-AC25-49579E13978C}.Release|x86.ActiveCfg = Release|Win32
		{E661AFB6-A925-4B18-AC25-49579E13978C}.Release|x86.Build.0 = Release|Win32
		{59145C6B-D380-4C10-8FD0-F89C13564BA5}.Debug|x64.ActiveCfg = Debug|x64
		{59145C6B-D380-4C10-8FD0-F89C13564BA5}.Debug|x64.Build.0 = Debug|x64
		{59145C6B-D380-4C10-8FD0-F89C13564BA5}.Debug|x86.ActiveCfg = Debug|Win32
		{59145C6B-D380-4C10-8FD0-F89C13564BA5}.Debug|x86.Build.0 = Debug|Win32
		{59145C6B-D380-4C10-8FD0-F89C13564BA5}.Release|x64.ActiveCfg = Release|x64
		{59145C6B-D380-4C10-8FD0-F89C13564BA5}.Release|x64.Build.0 = Release|x64
		{59145C6B-D380-4C10-8FD0-F89C13564BA5}.Release|x86.ActiveCfg = Release|Win32
		{59145C6B-D380-4C10-8FD0-F89C13564BA5}.Release|x86.Build.0 = Release|Win32
		{80A80482-0B2A-4821-A9A2-B565176BF15D}.Debug|x64.ActiveCfg = Debug|x64
		{80A80482-0B2A-4821-A9A2-B565176BF15D}.Debug|x64.Build.0 = Debug|x64
		{80A80482-0B2A-4821-A9A2-B565176BF15D}.Debug|x86.ActiveCfg = Debug|Win32
		{80A80482-0B2A-4821-A9A2-B565176BF15D}.Debug|x86.Build.0 = Debug|Win32
		{80A80482-0B2A-4821-A9A2-B565176BF15D}.Release|x64.ActiveCfg = Release|x64
		{80A80482-0B2A-4821-A9A2-B565176BF15D}.Release|x64.Build.0 = Release|x64
		{80A80482-0B2A-4821-A9A2-B565176BF15D}.Release|x86.ActiveCfg = Release|Win32
		{80A80482-0B2A-4821-A9A2-B565176BF15D}.Release|x86.Build.0 = Release|Win32
		{EC5D04E1-665E-444E-AC89-1996ACCB2575}.Debug|x64.ActiveCfg = Debug|x64
		{EC5D04E1-665E-444E-AC89-1996ACCB2575}.Debug|x64.Build.0 = Debug|x64
		{EC5D04E1-665E-444E-AC89-1996ACCB2575}.Debug|x86.ActiveCfg = Debug|Win32
		{EC5D04E1-665E-444E-AC89-1996ACCB2575}.Debug|x86.Build.0 = Debug|Win32
		{EC5D04E1-665E-444E-AC89-1996ACCB2575}.Release|x64.ActiveCfg = Release|x64
		{EC5D04E1-665E-444E-AC89-1996ACCB2575}.Release|x64.Build.0 = Release|x64
		{EC5D04E1-665E-444E-AC89-1996ACCB2575}.Release|x86.ActiveCfg = Release|Win32
		{EC5D04E1-665E-444E-AC89-1996ACCB2575}.Release|x86.Build.0 = Release|Win32
		{5BF812B8-5583-4EC1-A86A-416BBDBC0554}.Debug|x64.ActiveCfg = Debug|x64
		{5BF812B8-5583-4EC1-A86A-416BBDBC0554}.Debug|x64.Build.0 = Debug|x64
		{5BF812B8-5583-4EC1-A86A-416BBDBC0554}.Debug|x86.ActiveCfg = Debug|Win32
		{5BF812B8-5583-4EC1-A86A-416BBDBC0554}.Debug|x86.Build.0 = Debug|Win32
		{5BF812B8-5583-4EC1-A86A-416BBDBC0554}.Release|x64.ActiveCfg = Release|x64
		{5BF812B8-5583-4EC1-A86A-416BBDBC0554}.Release|x64.Build.0 = Release|x64
		{5BF812B8-5583-4EC1-A86A-416BBDBC0554}.Release|x86.ActiveCfg = Release|Win32
		{5BF812B8-5583-4EC1-A86A-416BBDBC0554}.Release|x86.Build.0 = Release|Win32
		{E32E6338-0E56-4ED5-8638-5386F1CD12A8}.Debug|x64.ActiveCfg = Debug|x64
		{E32E6338-0E56-4ED5-8638-5386F1CD12A8}.Debug|x64.Build.0 = Debug|x64
		{E32E6338-0E56-4ED5-8638-5386F1CD12A8}.Debug|x86.ActiveCfg = Debug|Win32
		{E32E6338-0E56-4ED5-8638-5386F1CD12A8}.Debug|x86.Build.0 = Debug|Win32
		{E32E6338-0E56-4ED5-8638-5386F1CD12A8}.Release|x64.ActiveCfg = Release|x64
		{E32E6338-0E56-4ED5-8638-5386F1CD12A8}.Release|x64.Build.0 = Release|x64
		{E32E6338-0E56-4ED5-8638-5386F1CD12A8}.Release|x86.ActiveCfg = Release|Win32
		{E32E6338-0E56-4ED5-8638-5386F1CD12A8}.Release|x86.Build.0 = Release|Win32
		{4EC5BAF7-8D7B-46B7-AD6A-0093E20AD1DC}.Debug|x64.ActiveCfg = Debug|x64
		{4EC5BAF7-8D7B-46B7-AD6A-0093E20AD1DC}.Debug|x64.Build.0 = Debug|x64
		{4EC5BAF7-8D7B-46B7-AD6A-0093E20AD1DC}.Debug|x86.ActiveCfg = Debug|Win32
		{4EC5BAF7-8D7B-46B7-AD6A-0093E20AD1DC}.Debug|x86.Build.0 = Debug|Win32
		{4EC5BAF7-8D7B-46B7-AD6A-0093E20AD1DC}.Release|x64.ActiveCfg = Release|x64
		{4EC5BAF7-8D7B-46B7-AD6A-0093E20AD1DC}.Release|x64.Build.0 = Release|x64
		{4EC5BAF7-8D7B-46B7-AD6A-0093E20AD1DC}.Release|x86.ActiveCfg = Release|Win32
		{4EC5BAF7-8D7B-46B7-AD6A-0093E20AD1DC}.Release|x86.Build.0 = Release|Win32
		{BA4F1FBF-2298-464A-BA8C-DC10CF8B6115}.Debug|x64.ActiveCfg = Debug|x64
		{BA4F1FBF-2298-464A-BA8C-DC10CF8B6115}.Debug|x64.Build.0 = Debug|x64
		{BA4F1FBF-2298-464A-BA8C-DC10CF8B6115}.Debug|x86.ActiveCfg = Debug|Win32
		{BA4F1FBF-2298-464A-BA8C-DC10CF8B6115}.Debug|x86.Build.0 = Debug|Win32
		{BA4F1FBF-2298-464A-BA8C-DC10CF8B6115}.Release|x64.ActiveCfg = Release|x64
		{BA4F1FBF-2298-464A-BA8C-DC10CF8B6115}.Release|x64.Build.0 = Release|x64
		{BA4F1FBF-2298-464A-BA8C-DC10CF8B6115}.Release|x86.ActiveCfg = Release|Win32
		{BA4F1FBF-2298-464A-BA8C-DC10CF8B6115}.Release|x86.Build.0 = Release|Win32
		{6188724F-66B2-43C5-80A9-D1689C1CA1D8}.Debug|x64.ActiveCfg = Debug|x64
		{6188724F-66B2-43C5-80A9-D1689C1CA1D8}.Debug|x64.Build.0 = Debug|x64
		{6188724F-66B2-43C5-80A9-D1689C1CA1D8}.Debug|x86.ActiveCfg = Debug|Win32
		{6188724F-66B2-43C5-80A9-D1689C1CA1D8}.Debug|x86.Build.0 = Debug|Win32
		{6188724F-66B2-43C5-80A9-D1689C1CA1D8}.Release|x64.ActiveCfg = Release|x64
		{6188724F-66B2-43C5-80A9-D1689C1CA1D8}.Release|x64.Build.0 = Release|x64
		{6188724F-66B2-43C5-80A9-D1689C1CA1D8}.Release|x86.ActiveCfg = Release|Win32
		{6188724F-66B2-43C5-80A9-D1689C1CA1D8}.Release|x86.Build.0 = Release|Win32
		{418E3750-BD64-4BA5-8231-5A9E30AF516A}.Debug|x64.ActiveCfg = Debug|x64
		{418E3750-BD64-4BA5-8231-5A9E30AF516A}.Debug|x64.Build.0 = Debug|x64
		{418E3750-BD64-4BA5-8231-5A9E30AF516A}.Debug|x86.ActiveCfg = Debug|Win32
		{418E3750-BD64-4BA5-8231-5A9E30AF516A}.Debug|x86.Build.0 = Debug|Win32
		{418E3750-BD64-4BA5-8231-5A9E30AF516A}.Release|x64.ActiveCfg = Release|x64
		{418E3750-BD64-4BA5-8231-5A9E30AF516A}.Release|x64.Build.0 = Release|x64
		{418E3750-BD64-4BA5-8231-5A9E30AF516A}.Release|x86.ActiveCfg = Release|Win32
		{418E3750-BD64-4BA5-8231-5A9E30AF516A}.Release|x86.Build.0 = Release|Win32
		{16CA5580-1DC5-4C35-97BF-E3634A7DBE85}.Debug|x64.ActiveCfg = Debug|x64
		{16CA5580-1DC5-4C35-97BF-E3634A7DBE85}.Debug|x64.Build.0 = Debug|x64
		{16CA5580-1DC5-4C35-97BF-E3634A7DBE85}.Debug|x86.ActiveCfg = Debug|Win32
		{16CA5580-1DC5-4C35-97BF-E3634A7DBE85}.Debug|x86.Build.0 = Debug|Win32
		{16CA5580-1DC5-4C35-97BF-E3634A7DBE85}.Release|x64.ActiveCfg = Release|x64
		{16CA5580-1DC5-4C35-97BF-E3634A7DBE85}.Release|x64.Build.0 = Release|x64
		{16CA5580-1DC5-4C35-97BF-E3634A7DBE85}.Release|x86.ActiveCfg = Release|Win32
		{16CA5580-1DC5-4C35-97BF-E3634A7DBE85}.Release|x86.Build.0 = Release|Win32
		{0C4731C8-55C6-4AF9-B47F-0108B543DDE5}.Debug|x64.ActiveCfg = Debug|x64
		{0C4731C8-55C6-4AF9-B47F-0108B543DDE5}.Debug|x64.Build.0 = Debug|x64
		{0C4731C8-55C6-4AF9-B47F-0108B543DDE5}.Debug|x86.ActiveCfg = Debug|Win32
		{0C4731C8-55C6-4AF9-B47F-0108B543DDE5}.Debug|x86.Build.0 = Debug|Win32
		{0C4731C8-55C6-4AF9-B47F-0108B543DDE5}.Release|x64.ActiveCfg = Release|x64
		{0C4731C8-55C6-4AF9-B47F-0108B543DDE5}.Release|x64.Build.0 = Release|x64
		{0C4731C8-55C6-4AF9-B47F-0108B543DDE5}.Release|x86.ActiveCfg = Release|Win32
		{0C4731C8-55C6-4AF9-B47F-0108B543DDE5}.Release|x86.Build.0 = Release|Win32
		{CD7EE333-59D0-40FE-AE81-5EF477334F00}.Debug|x64.ActiveCfg = Debug|x64
		{CD7EE333-59D0-40FE-AE81-5EF477334F00}.Debug|x64.Build.0 = Debug|x64
		{CD7EE333-59D0-40FE-AE81-5EF477334F00}.Debug|x86.ActiveCfg = Debug|Win32
		{CD7EE333-59D0-40FE-AE81-5EF477334F00}.Debug|x86.Build.0 = Debug|Win32
		{CD7EE333-59D0-40FE-AE81-5EF477334F00}.Release|x64.ActiveCfg = Release|x64
		{CD7EE333-59D0-40FE-AE81-5EF477334F00}.Release|x64.Build.0 = Release|x64
		{CD7EE333-59D0-40FE-AE81-5EF477334F00}.Release|x86.ActiveCfg = Release|Win32
		{CD7EE333-59D0-40FE-AE81-5EF477334F00}.Release|x86.Build.0 = Release|Win32
		{5EDD4D3F-2359-461B-83C7-B8A8544FD99F}.Debug|x64.ActiveCfg = Debug|x64
		{5EDD4D3F-2359-461B-83C7-B8A8544FD99F}.Debug|x64.Build.0 = Debug|x64
		{5EDD4D3F-2359-461B-83C7-B8A8544FD99F}.Debug|x86.ActiveCfg = Debug|Win32
		{5EDD4D3F-2359-461B-83C7-B8A8544FD99F}.Debug|x86.Build.0 = Debug|Win32
		{5EDD4D3F-2359-461B-83C7-B8A8544FD99F}.Release|x64.ActiveCfg = Release|x64
		{5EDD4D3F-2359-461B-83C7-B8A8544FD99F}.Release|x64.Build.0 = Release|x64
		{5EDD4D3F-2359-461B-83C7-B8A8544FD99F}.Release|x86.ActiveCfg = Release|Win32
		{5EDD4D3F-2359-461B-83C7-B8A8544FD99F}.Release|x86.Build.0 = Release|Win32
		{60D498B2-ADEE-4C7C-A987-D057C9FA95E0}.Debug|x64.ActiveCfg = Debug|x64
		{60D498B2-ADEE-4C7C-A987-D057C9FA95E0}.Debug|x64.Build.0 = Debug|x64
		{60D498B2-ADEE-4C7C-A987-D057C9FA95E0}.Debug|x86.ActiveCfg = Debug|Win32
		{60D498B2-ADEE-4C7C-A987-D057C9FA95E0}.Debug|x86.Build.0 = Debug|Win32
		{60D498B2-ADEE-4C7C-A987-D057C9FA95E0}.Release|x64.ActiveCfg = Release|x64
		{60D498B2-ADEE-4C7C-A987-D057C9FA95E0}.Release|x64.Build.0 = Release|x64
		{60D498B2-ADEE-4C7C-A987-D057C9FA95E0}.Release|x86.ActiveCfg = Release|Win32
		{60D498B2-ADEE-4C7C-A987-D057C9FA95E0}.Release|x86.Build.0 = Release|Win32
		{02316A29-D159-46DA-92A4-C14E5058A7E4}.Debug|x64.ActiveCfg = Debug|x64
		{02316A29-D159-46DA-92A4-C14E5058A7E4}.Debug|x64.Build.0 = Debug|x64
		{02316A29-D159-46DA-92A4-C14E5058A7E4}.Debug|x86.ActiveCfg = Debug|Win32
		{02316A29-D159-46DA-92A4-C14E5058A7E4}.Debug|x86.Build.0 = Debug|Win32
		{02316A29-D159-46DA-92A4-C14E5058A7E4}.Release|x64.ActiveCfg = Release|x64
		{02316A29-D159-46DA-92A4-C14E5058A7E4}.Release|x64.Build.0 = Release|x64
		{02316A29-D159-46DA-92A4-C14E5058A7E4}.Release|x86.ActiveCfg = Release|Win32
		{02316A29-D159-46DA-92A4-C14E5058A7E4}.Release|x86.Build.0 = Release|Win32
		{418F0A1E-B5E0-4758-87E7-7C0C1EB3F745}.Debug|x64.ActiveCfg = Debug|x64
		{418F0A1E-B5E0-4758-87E7-7C0C1EB3F745}.Debug|x64.Build.0 = Debug|x64
		{418F0A1E-B5E0-4758-87E7-7C0C1EB3F745}.Debug|x86.ActiveCfg = Debug|Win32
		{418F0A1E-B5E0-4758-87E7-7C0C1EB3F745}.Debug|x86.Build.0 = Debug|Win32
		{418F0A1E-B5E0-4758-87E7-7C0C1EB3F745}.Release|x64.ActiveCfg = Release|x64
		{418F0A1E-B5E0-4758-87E7-7C0C1EB3F745}.Release|x64.Build.0 = Release|x64
		{418F0A1E-B5E0-4758-87E7-7C0C1EB3F745}.Release|x86.ActiveCfg = Release|Win32
		{418F0A1E-B5E0-4758-87E7-7C0C1EB3F745}.Release|x86.Build.0 = Release|Win32
		{0270F2F4-5C3F-4162-BFA8-9EDD804975B4}.Debug|x64.ActiveCfg = Debug|x64
		{0270F2F4-5C3F-4162-BFA8-9EDD804975B4}.Debug|x64.Build.0 = Debug|x64
		{0270F2F4-5C3F-4162-BFA8-9EDD804975B4}.Debug|x86.ActiveCfg = Debug|Win32
		{0270F2F4-5C3F-4162-BFA8-9EDD804975B4}.Debug|x86.Build.0 = Debug|Win32
		{0270F2F4-5C3F-4162-BFA8-9EDD804975B4}.Release|x64.ActiveCfg = Release|x64
		{0270F2F4-5C3F-4162-BFA8-9EDD804975B4}.Release|x64.Build.0 = Release|x64
		{0270F2F4-5C3F-4162-BFA8-9EDD804975B4}.Release|x86.ActiveCfg = Release|Win32
		{0270F2F4-5C3F-4162-BFA8-9EDD804975B4}.Release|x86.Build.0 = Release|Win32
		{E4B30D21-B2D3-44DE-9AD4-60E5F7CD1E33}.Debug|x64.ActiveCfg = Debug|x64
		{E4B30D21-B2D3-44DE-9AD4-60E5F7CD1E33}.Debug|x64.Build.0 = Debug|x64
		{E4B30D21-B2D3-44DE-9AD4-60E5F7CD1E33}.Debug|x86.ActiveCfg = Debug|Win32
		{E4B30D21-B2D3-44DE-9AD4-60E5F7CD1E33}.Debug|x86.Build.0 = Debug|Win32
		{E4B30D21-B2D3-44DE-9AD4-60E5F7CD1E33}.Release|x64.ActiveCfg = Release|x64
		{E4B30D21-B2D3-44DE-9AD4-60E5F7CD1E33}.Release|x64.Build.0 = Release|x64
		{E4B30D21-B2D3-44DE-9AD4-60E5F7CD1E33}.Release|x86.ActiveCfg = Release|Win32
		{E4B30D21-B2D3-44DE-9AD4-60E5F7CD1E33}.Release|x86.Build.0 = Release|Win32
		{B49879E1-DA71-4C68-861D-15533595D28A}.Debug|x64.ActiveCfg = Debug|x64
		{B49879E1-DA71-4C68-861D-15533595D28A}.Debug|x64.Build.0 = Debug|x64
		{B49879E1-DA71-4C68-861D-15533595D28A}.Debug|x86.ActiveCfg = Debug|Win32
		{B49879E1-DA71-4C68-861D-15533595D28A}.Debug|x86.Build.0 = Debug|Win32
		{B49879E1-DA71-4C68-861D-15533595D28A}.Release|x64.ActiveCfg = Release|x64
		{B49879E1-DA71-4C68-861D-15533595D28A}.Release|x64.Build.0 = Release|x64
		{B49879E1-DA71-4C68-861D-15533595D28A}.Release|x86.ActiveCfg = Release|Win32
		{B49879E1-DA71-4C68-861D-15533595D28A}.Release|x86.Build.0 = Release|Win32
		{DC537346-8A8F-4867-87CA-876CD4B32475}.Debug|x64.ActiveCfg = Debug|x64
		{DC537346-8A8F-4867-87CA-876CD4B32475}.Debug|x64.Build.0 = Debug|x64
		{DC537346-8A8F-4867-87CA-876CD4B32475}.Debug|x86.ActiveCfg = Debug|Win32
		{DC537346-8A8F-4867-87CA-876CD4B32475}.Debug|x86.Build.0 = Debug|Win32
		{DC537346-8A8F-4867-87CA-876CD4B32475}.Release|x64.ActiveCfg = Release|x64
		{DC537346-8A8F-4867-87CA-876CD4B32475}.Release|x64.Build.0 = Release|x64
		{DC537346-8A8F-4867-87CA-876CD4B32475}.Release|x86.ActiveCfg = Release|Win32
		{DC537346-8A8F-4867-87CA-876CD4B32475}.Release|x86.Build.0 = Release|Win32
		{C645D6E1-1006-4E47-B988-EAB88660E0D2}.Debug|x64.ActiveCfg = Debug|x64
		{C645D6E1-1006-4E47-B988-EAB88660E0D2}.Debug|x64.Build.0 = Debug|x64
		{C645D6E1-1006-4E47-B988-EAB88660E0D2}.Debug|x86.ActiveCfg = Debug|Win32
		{C645D6E1-1006-4E47-B988-EAB88660E0D2}.Debug|x86.Build.0 = Debug|Win32
		{C645D6E1-1006-4E47-B988-EAB88660E0D2}.Release|x64.ActiveCfg = Release|x64
		{C645D6E1-1006-4E47-B988-EAB88660E0D2}.Release|x64.Build.0 = Release|x64
		{C645D6E1-1006-4E47-B988-EAB88660E0D2}.Release|x86.ActiveCfg = Release|Win32
		{C645D6E1-1006-4E47-B988-EAB88660E0D2}.Release|x86.Build.0 = Release|Win32
		{B1322384-7BBC-43D1-9A59-6377E108EEBB}.Debug|x64.ActiveCfg = Debug|x64
		{B1322384-7BBC-43D1-9A59-6377E108EEBB}.Debug|x64.Build.0 = Debug|x64
		{B1322384-7BBC-43D1-9A59-6377E108EEBB}.Debug|x86.ActiveCfg = Debug|Win32
		{B1322384-7BBC-43D1-9A59-6377E108EEBB}.Debug|x86.Build.0 = Debug|Win32
		{B1322384-7BBC-43D1-9A59-6377E108EEBB}.Release|x64.ActiveCfg = Release|x64
		{B1322384-7BBC-43D1-9A59-6377E108EEBB}.Release|x64.Build.0 = Release|x64
		{B1322384-7BBC-43D1-9A59-6377E108EEBB}.Release|x86.ActiveCfg = Release|Win32
		{B1322384-7BBC-43D1-9A59-6377E108EEBB}.Release|x86.Build.0 = Release|Win32
		{6C7C86FD-20E1-41CA-A390-D8AF7F18C979}.Debug|x64.ActiveCfg = Debug|x64
		{6C7C86FD-20E1-41CA-A390-D8AF7F18C979}.Debug|x64.Build.0 = Debug|x64
		{6C7C86FD-20E1-41CA-A390-D8AF7F18C979}.Debug|x86.ActiveCfg = Debug|Win32
		{6C7C86FD-20E1-41CA-A390-D8AF7F18C979}.Debug|x86.Build.0 = Debug|Win32
		{6C7C86FD-20E1-41CA-A390-D8AF7F18C979}.Release|x64.ActiveCfg = Release|x64
		{6C7C86FD-20E1-41CA-A390-D8AF7F18C979}.Release|x64.Build.0 = Release|x64
		{6C7C86FD-20E1-41CA-A390-D8AF7F18C979}.Release|x86.ActiveCfg = Release|Win32
		{6C7C86FD-20E1-41CA-A390-D8AF7F18C979}.Release|x86.Build.0 = Release|Win32
		{0AFAA0E9-B52D-4C52-B43D-0C0A120F2936}.Debug|x64.ActiveCfg = Debug|x64
		{0AFAA0E9-B52D-4C52-B43D-0C0A120F2936}.Debug|x64.Build.0 = Debug|x64
		{0AFAA0E9-B52D-4C52-B43D-0C0A120F2936}.Debug|x86.ActiveCfg = Debug|Win32
		{0AFAA0E9-B52D-4C52-B43D-0C0A120F2936}.Debug|x86.Build.0 = Debug|Win32
		{0AFAA0E9-B52D-4C52-B43D-0C0A120F2936}.Release|x64.ActiveCfg = Release|x64
		{0AFAA0E9-B52D-4C52-B43D-0C0A120F2936}.Release|x64.Build.0 = Release|x64
		{0AFAA0E9-B52D-4C52-B43D-0C0A120F2936}.Release|x86.ActiveCfg = Release|Win32
		{0AFAA0E9-B52D-4C52-B43D-0C0A120F2936}.Release|x86.Build.0 = Release|Win32
		{B83C4511-48E6-4952-9F7C-6C2B104C84BC}.Debug|x64.ActiveCfg = Debug|x64
		{B83C4511-48E6-4952-9F7C-6C2B104C84BC}.Debug|x64.Build.0 = Debug|x64
		{B83C4511-48E6-4952-9F7C-6C2B104C84BC}.Debug|x86.ActiveCfg = Debug|Win32
		{B83C4511-48E6-4952-9F7C-6C2B104C84BC}.Debug|x86.Build.0 = Debug|Win32
		{B83C4511-48E6-4952-9F7C-6C2B104C84BC}.Release|x64.ActiveCfg = Release|x64
		{B83C4511-48E6-4952-9F7C-6C2B104C84BC}.Release|x64.Build.0 = Release|x64
		{B83C4511-48E6-4952-9F7C-6C2B104C84BC}.Release|x86.ActiveCfg = Release|Win32
		{B83C4511-48E6-4952-9F7C-6C2B104C84BC}.Release|x86.Build.0 = Release|Win32
		{F778A132-C8B1-4E87-B4DC-710A32DAFD48}.Debug|x64.ActiveCfg = Debug|x64
		{F778A132-C8B1-4E87-B4DC-710A32DAFD48}.Debug|x64.Build.0 = Debug|x64
		{F778A132-C8B1-4E87-B4DC-710A32DAFD48}.Debug|x86.ActiveCfg = Debug|Win32
		{F778A132-C8B1-4E87-B4DC-710A32DAFD48}.Debug|x86.Build.0 = Debug|Win32
		{F778A132-C8B1-4E87-B4DC-710A32DAFD48}.Release|x64.ActiveCfg = Release|x64
		{F778A132-C8B1-4E87-B4DC-710A32DAFD48}.Release|x64.Build.0 = Release|x64
		{F778A132-C8B1-4E87-B4DC-710A32DAFD48}.Release|x86.ActiveCfg = Release|Win32
		{F778A132-C8B1-4E87-B4DC-710A32DAFD48}.Release|x86.Build.0 = Release|Win32
		{2CABC352-61BF-43C8-AA2F-740DBFF1DEE5}.Debug|x64.ActiveCfg = Debug|x64
		{2CABC352-61BF-43C8-AA2F-740DBFF1DEE5}.Debug|x64.Build.0 = Debug|x64
		{2CABC352-61BF-43C8-AA2F-740DBFF1DEE5}.Debug|x86.ActiveCfg = Debug|Win32
		{2CABC352-61BF-43C8-AA2F-740DBFF1DEE5}.Debug|x86.Build.0 = Debug|Win32
		{2CABC352-61BF-43C8-AA2F-740DBFF1DEE5}.Release|x64.ActiveCfg = Release|x64
		{2CABC352-61BF-43C8-AA2F-740DBFF1DEE5}.Release|x64.Build.0 = Release|x64
		{2CABC352-61BF-43C8-AA2F-740DBFF1DEE5}.Release|x86.ActiveCfg = Release|Win32
		{2CABC352-61BF-43C8-AA2F-740DBFF1DEE5}.Release|x86.Build.0 = Release|Win32
		{209BCEE3-9C72-450F-A60A-EB435665A0E2}.Debug|x64.ActiveCfg = Debug|x64
		{209BCEE3-9C72-450F-A60A-EB435665A0E2}.Debug|x64.Build.0 = Debug|x64
		{209BCEE3-9C72-450F-A60A-EB435665A0E2}.Debug|x86.ActiveCfg = Debug|Win32
		{209BCEE3-9C72-450F-A60A-EB435665A0E2}.Debug|x86.Build.0 = Debug|Win32
		{209BCEE3-9C72-450F-A60A-EB435665A0E2}.Release|x64.ActiveCfg = Release|x64
		{209BCEE3-9C72-450F-A60A-EB435665A0E2}.Release|x64.Build.0 = Release|x64
		{209BCEE3-9C72-450F-A60A-EB435665A0E2}.Release|x86.ActiveCfg = Release|Win32
		{209BCEE3-9C72-450F-A60A-EB435665A0E2}.Release|x86.Build.0 = Release|Win32
		{D99D7B38-20C2-4E9C-8F3D-0CF7115D52AA}.Debug|x64.ActiveCfg = Debug|x64
		{D99D7B38-20C2-4E9C-8F3D-0CF7115D52AA}.Debug|x64.Build.0 = Debug|x64
		{D99D7B38-20C2-4E9C-8F3D-0CF7115D52AA}.Debug|x86.ActiveCfg = Debug|Win32
		{D99D7B38-20C2-4E9C-8F3D-0CF7115D52AA}.Debug|x86.Build.0 = Debug|Win32
		{D99D7B38-20C2-4E9C-8F3D-0CF7115D52AA}.Release|x64.ActiveCfg = Release|x64
		{D99D7B38-20C2-4E9C-8F3D-0CF7115D52AA}.Release|x64.Build.0 = Release|x64
		{D99D7B38-20C2-4E9C-8F3D-0CF7115D52AA}.Release|x86.ActiveCfg = Release|Win32
		{D99D7B38-20C2-4E9C-8F3D-0CF7115D52AA}.Release|x86.Build.0 = Release|Win32
		{20E7C820-0AB0-4DA7-A516-FAFD656F8175}.Debug|x64.ActiveCfg = Debug|x64
		{20E7C820-0AB0-4DA7-A516-FAFD656F8175}.Debug|x64.Build.0 = Debug|x64
		{20E7C820-0AB0-4DA7-A516-FAFD656F8175}.Debug|x86.ActiveCfg = Debug|Win32
		{20E7C820-0AB0-4DA7-A516-FAFD656F8175}.Debug|x86.Build.0 = Debug|Win32
		{20E7C820-0AB0-4DA7-A516-FAFD656F8175}.Release|x64.ActiveCfg = Release|x64
		{20E7C820-0AB0-4DA7-A516-FAFD656F8175}.Release|x64.Build.0 = Release|x64
		{20E7C820-0AB0-4DA7-A516-FAFD656F8175}.Release|x86.ActiveCfg = Release|Win32
		{20E7C820-0AB0-4DA7-A516-FAFD656F8175}.Release|x86.Build.0 = Release|Win32
		{4CCB177B-204E-484F-8BFC-07CBA8E9F838}.Debug|x64.ActiveCfg = Debug|x64
		{4CCB177B-204E-484F-8BFC-07CBA8E9F838}.Debug|x64.Build.0 = Debug|x64
		{4CCB177B-204E-484F-8BFC-07CBA8E9F838}.Debug|x86.ActiveCfg = Debug|Win32
		{4CCB177B-204E-484F-8BFC-07CBA8E9F838}.Debug|x86.Build.0 = Debug|Win32
		{4CCB177B-204E-484F-8BFC-07CBA8E9F838}.Release|x64.ActiveCfg = Release|x64
		{4CCB177B-204E-484F-8BFC-07CBA8E9F838}.Release|x64.Build.0 = Release|x64
		{4CCB177B-204E-484F-8BFC-07CBA8E9F838}.Release|x86.ActiveCfg = Release|Win32
		{4CCB177B-204E-484F-8BFC-07CBA8E9F838}.Release|x86.Build.0 = Release|Win32
		{748A3C6C-B91A-48AA-9EA8-75C7F3B23A36}.Debug|x64.ActiveCfg = Debug|x64
		{748A3C6C-B91A-48AA-9EA8-75C7F3B23A36}.Debug|x64.Build.0 = Debug|x64
		{748A3C6C-B91A-48AA-9EA8-75C7F3B23A36}.Debug|x86.ActiveCfg = Debug|Win32
		{748A3C6C-B91A-48AA-9EA8-75C7F3B23A36}.Debug|x86.Build.0 = Debug|Win32
		{748A3C6C-B91A-48AA-9EA8-75C7F3B23A36}.Release|x64.ActiveCfg = Release|x64
		{748A3C6C-B91A-48AA-9EA8-75C7F3B23A36}.Release|x64.Build.0 = Release|x64
		{748A3C6C-B91A-48AA-9EA8-75C7F3B23A36}.Release|x86.ActiveCfg = Release|Win32
		{748A3C6C-B91A-48AA-9EA8-75C7F3B23A36}.Release|x86.Build.0 = Release|Win32
		{0229FCAC-8567-48F0-9536-FB82991CF77A}.Debug|x64.ActiveCfg = Debug|x64
		{0229FCAC-8567-48F0-9536-FB82991CF77A}.Debug|x64.Build.0 = Debug|x64
		{0229FCAC-8567-48F0-9536-FB82991CF77A}.Debug|x86.ActiveCfg = Debug|Win32
		{0229FCAC-8567-48F0-9536-FB82991CF77A}.Debug|x86.Build.0 = Debug|Win32
		{0229FCAC-8567-48F0-9536-FB82991CF77A}.Release|x64.ActiveCfg = Release|x64
		{0229FCAC-8567-48F0-9536-FB82991CF77A}.Release|x64.Build.0 = Release|x64
		{0229FCAC-8567-48F0-9536-FB82991CF77A}.Release|x86.ActiveCfg = Release|Win32
		{0229FCAC-8567-48F0-9536-FB82991CF77A}.Release|x86.Build.0 = Release|Win32
		{BA2D015C-FBB4-49ED-AE29-D01FFBE278B5}.Debug|x64.ActiveCfg = Debug|x64
		{BA2D015C-FBB4-49ED-AE29-D01FFBE278B5}.Debug|x64.Build.0 = Debug|x64
		{BA2D015C-FBB4-49ED-AE29-D01FFBE278B5}.Debug|x86.ActiveCfg = Debug|Win32
		{BA2D015C-FBB4-49ED-AE29-D01FFBE278B5}.Debug|x86.Build.0 = Debug|Win32
		{BA2D015C-FBB4-49ED-AE29-D01FFBE278B5}.Release|x64.ActiveCfg = Release|x64
		{BA2D015C-FBB4-49ED-AE29-D01FFBE278B5}.Release|x64.Build.0 = Release|x64
		{BA2D015C-FBB4-49ED-AE29-D01FFBE278B5}.Release|x86.ActiveCfg = Release|Win32
		{BA2D015C-FBB4-49ED-AE29-D01FFBE278B5}.Release|x86.Build.0 = Release|Win32
		{E717B9ED-217D-4E5C-BBAE-F591B8F6BFB1}.Debug|x64.ActiveCfg = Debug|x64
		{E717B9ED-217D-4E5C-BBAE-F591B8F6BFB1}.Debug|x64.Build.0 = Debug|x64
		{E717B9ED-217D-4E5C-BBAE-F591B8F6BFB1}.Debug|x86.ActiveCfg = Debug|Win32
		{E717B9ED-217D-4E5C-BBAE-F591B8F6BFB1}.Debug|x86.Build.0 = Debug|Win32
		{E717B9ED-217D-4E5C-BBAE-F591B8F6BFB1}.Release|x64.ActiveCfg = Release|x64
		{E717B9ED-217D-4E5C-BBAE-F591B8F6BFB1}.Release|x64.Build.0 = Release|x64
		{E717B9ED-217D-4E5C-BBAE-F591B8F6BFB1}.Release|x86.ActiveCfg = Release|Win32
		{E717B9ED-217D-4E5C-BBAE-F591B8F6BFB1}.Release|x86.Build.0 = Release|Win32
		{F9F45E8E-84A4-42B1-87A5-FB43A4B194FE}.Debug|x64.ActiveCfg = Debug|x64
		{F9F45E8E-84A4-42B1-87A5-FB43A4B194FE}.Debug|x64.Build.0 = Debug|x64
		{F9F45E8E-84A4-42B1-87A5-FB43A4B194FE}.Debug|x86.ActiveCfg = Debug|Win32
		{F9F45E8E-84A4-42B1-87A5-FB43A4B194FE}.Debug|x86.Build.0 = Debug|Win32
		{F9F45E8E-84A4-42B1-87A5-FB43A4B194FE}.Release|x64.ActiveCfg = Release|x64
		{F9F45E8E-84A4-42B1-87A5-FB43A4B194FE}.Release|x64.Build.0 = Release|x64
		{F9F45E8E-84A4-42B1-87A5-FB43A4B194FE}.Release|x86.ActiveCfg = Release|Win32
		{F9F45E8E-84A4-42B1-87A5-FB43A4B194FE}.Release|x86.Build.0 = Release|Win32
		{70F70B18-C795-4525-B770-27A40119D7A0}.Debug|x64.ActiveCfg = Debug|x64
		{70F70B18-C795-4525-B770-27A40119D7A0}.Debug|x64.Build.0 = Debug|x64
		{70F70B18-C795-4525-B770-27A40119D7A0}.Debug|x86.ActiveCfg = Debug|Win32
		{70F70B18-C795-4525-B770-27A40119D7A0}.Debug|x86.Build.0 = Debug|Win32
		{70F70B18-C795-4525-B770-27A40119D7A0}.Release|x64.ActiveCfg = Release|x64
		{70F70B18-C795-4525-B770-27A40119D7A0}.Release|x64.Build.0 = Release|x64
		{70F70B18-C795-4525-B770-27A40119D7A0}.Release|x86.ActiveCfg = Release|Win32
		{70F70B18-C795-4525-B770-27A40119D7A0}.Release|x86.Build.0 = Release|Win32
		{4C38146D-9817-4356-85E5-F42AEA0361F6}.Debug|x64.ActiveCfg = Debug|x64
		{4C38146D-9817-4356-85E5-F42AEA0361F6}.Debug|x64.Build.0 = Debug|x64
		{4C38146D-9817-4356-85E5-F42AEA0361F6}.Debug|x86.ActiveCfg = Debug|Win32
		{4C38146D-9817-4356-85E5-F42AEA0361F6}.Debug|x86.Build.0 = Debug|Win32
		{4C38146D-9817-4356-85E5-F42AEA0361F6}.Release|x64.ActiveCfg = Release|x64
		{4C38146D-9817-4356-85E5-F42AEA0361F6}.Release|x64.Build.0 = Release|x64
		{4C38146D-9817-4356-85E5-F42AEA0361F6}.Release|x86.ActiveCfg = Release|Win32
		{4C38146D-9817-4356-85E5-F42AEA0361F6}.Release|x86.Build.0 = Release|Win32
		{0E7CDF60-F169-4584-8C26-7E3FC30016E7}.Debug|x64.ActiveCfg = Debug|x64
		{0E7CDF60-F169-4584-8C26-7E3FC30016E7}.Debug|x64.Build.0 = Debug|x64
		{0E7CDF60-F169-4584-8C26-7E3FC30016E7}.Debug|x86.ActiveCfg = Debug|Win32
		{0E7CDF60-F169-4584-8C26-7E3FC30016E7}.Debug|x86.Build.0 = Debug|Win32
		{0E7CDF60-F169-4584-8C26-7E3FC30016E7}.Release|x64.ActiveCfg = Release|x64
		{0E7CDF60-F169-4584-8C26-7E3FC30016E7}.Release|x64.Build.0 = Release|x64
		{0E7CDF60-F169-4584-8C26-7E3FC30016E7}.Release|x86.ActiveCfg = Release|Win32
		{0E7CDF60-F169-4584-8C26-7E3FC30016E7}.Release|x86.Build.0 = Release|Win32
		{2C7F0B42-6773-43F5-91A8-E7E2783F50B0}.Debug|x64.ActiveCfg = Debug|x64
		{2C7F0B42-6773-43F5-91A8-E7E2783F50B0}.Debug|x64.Build.0 = Debug|x64
		{2C7F0B42-6773-43F5-91A8-E7E2783F50B0}.Debug|x86.ActiveCfg = Debug|Win32
		{2C7F0B42-6773-43F5-91A8-E7E2783F50B0}.Debug|x86.Build.0 = Debug|Win32
		{2C7F0B42-6773-43F5-91A8-E7E2783F50B0}.Release|x64.ActiveCfg = Release|x64
		{2C7F0B42-6773-43F5-91A8-E7E2783F50B0}.Release|x64.Build.0 = Release|x64
		{2C7F0B42-6773-43F5-91A8-E7E2783F50B0}.Release|x86.ActiveCfg = Release|Win32
		{2C7F0B42-6773-43F5-91A8-E7E2783F50B0}.Release|x86.Build.0 = Release|Win32
		{AD1666B6-8AE8-4101-9478-80AEB343ECEE}.Debug|x64.ActiveCfg = Debug|x64
		{AD1666B6-8AE8-4101-9478-80AEB343ECEE}.Debug|x64.Build.0 = Debug|x64
		{AD1666B6-8AE8-4101-9478-80AEB343ECEE}.Debug|x86.ActiveCfg = Debug|Win32
		{AD1666B6-8AE8-4101-9478-80AEB343ECEE}.Debug|x86.Build.0 = Debug|Win32
		{AD1666B6-8AE8-4101-9478-80AEB343ECEE}.Release|x64.ActiveCfg = Release|x64
		{AD1666B6-8AE8-4101-9478-80AEB343ECEE}.Release|x64.Build.0 = Release|x64
		{AD1666B6-8AE8-4101-9478-80AEB343ECEE}.Release|x86.ActiveCfg = Release|Win32
		{AD1666B6-8AE8-4101-9478-80AEB343ECEE}.Release|x86.Build.0 = Release|Win32
		{66B5398F-0623-4781-92A0-17F601D72067}.Debug|x64.ActiveCfg = Debug|x64
		{66B5398F-0623-4781-92A0-17F601D72067}.Debug|x64.Build.0 = Debug|x64
		{66B5398F-0623-4781-92A0-17F601D72067}.Debug|x86.ActiveCfg = Debug|Win32
		{66B5398F-0623-4781-92A0-17F601D72067}.Debug|x86.Build.0 = Debug|Win32
		{66B5398F-0623-4781-92A0-17F601D72067}.Release|x64.ActiveCfg = Release|x64
		{66B5398F-0623-4781-92A0-17F601D72067}.Release|x64.Build.0 = Release|x64
		{66B5398F-0623-4781-92A0-17F601D72067}.Release|x86.ActiveCfg = Release|Win32
		{66B5398F-0623-4781-92A0-17F601D72067}.Release|x86.Build.0 = Release|Win32
		{A4B3997A-E805-47EA-A522-3325202E127D}.Debug|x64.ActiveCfg = Debug|x64
		{A4B3997A-E805-47EA-A522-3325202E127D}.Debug|x64.Build.0 = Debug|x64
		{A4B3997A-E805-47EA-A522-3325202E127D}.Debug|x86.ActiveCfg = Debug|Win32
		{A4B3997A-E805-47EA-A522-3325202E127D}.Debug|x86.Build.0 = Debug|Win32
		{A4B3997A-E805-47EA-A522-3325202E127D}.Release|x64.ActiveCfg = Release|x64
		{A4B3997A-E805-47EA-A522-3325202E127D}.Release|x64.Build.0 = Release|x64
		{A4B3997A-E805-47EA-A522-3325202E127D}.Release|x86.ActiveCfg = Release|Win32
		{A4B3997A-E805-47EA-A522-3325202E127D}.Release|x86.Build.0 = Release|Win32
		{34E2C6DD-3E7A-4320-9A98-2757F12848DC}.Debug|x64.ActiveCfg = Debug|x64
		{34E2C6DD-3E7A-4320-9A98-2757F12848DC}.Debug|x64.Build.0 = Debug|x64
		{34E2C6DD-3E7A-4320-9A98-2757F12848DC}.Debug|x86.ActiveCfg = Debug|Win32
		{34E2C6DD-3E7A-4320-9A98-2757F12848DC}.Debug|x86.Build.0 = Debug|Win32
		{34E2C6DD-3E7A-4320-9A98-2757F12848DC}.Release|x64.ActiveCfg = Release|x64
		{34E2C6DD-3E7A-4320-9A98-2757F12848DC}.Release|x64.Build.0 = Release|x64
		{34E2C6DD-3E7A-4320-9A98-2757F12848DC}.Release|x86.ActiveCfg = Release|Win32
		{34E2C6DD-3E7A-4320-9A98-2757F12848DC}.Release|x86.Build.0 = Release|Win32
		{3CFB071E-56EF-4217-85E8-A9E56C04D684}.Debug|x64.ActiveCfg = Debug|x64
		{3CFB071E-56EF-4217-85E8-A9E56C04D684}.Debug|x64.Build.0 = Debug|x64
		{3CFB071E-56EF-4217-85E8-A9E56C04D684}.Debug|x86.ActiveCfg = Debug|Win32
		{3CFB071E-56EF-4217-85E8-A9E56C04D684}.Debug|x86.Build.0 = Debug|Win32
		{3CFB071E-56EF-4217-85E8-A9E56C04D684}.Release|x64.ActiveCfg = Release|x64
		{3CFB071E-56EF-4217-85E8-A9E56C04D684}.Release|x64.Build.0 = Release|x64
		{3CFB071E-56EF-4217-85E8-A9E56C04D684}.Release|x86.ActiveCfg = Release|Win32
		{3CFB071E-56EF-4217-85E8-A9E56C04D684}.Release|x86.Build.0 = Release|Win32
		{76C19B77-C4E1-4010-9A6A-0CD0DE4FF4AB}.Debug|x64.ActiveCfg = Debug|x64
		{76C19B77-C4E1-4010-9A6A-0CD0DE4FF4AB}.Debug|x64.Build.0 = Debug|x64
		{76C19B77-C4E1-4010-9A6A-0CD0DE4FF4AB}.Debug|x86.ActiveCfg = Debug|Win32
		{76C19B77-C4E1-4010-9A6A-0CD0DE4FF4AB}.Debug|x86.Build.0 = Debug|Win32
		{76C19B77-C4E1-4010-9A6A-0CD0DE4FF4AB}.Release|x64.ActiveCfg = Release|x64
		{76C19B77-C4E1-4010-9A6A-0CD0DE4FF4AB}.Release|x64.Build.0 = Release|x64
		{76C19B77-C4E1-4010-9A6A-0CD0DE4FF4AB}.Release|x86.ActiveCfg = Release|Win32
		{76C19B77-C4E1-4010-9A6A-0CD0DE4FF4AB}.Release|x86.Build.0 = Release|Win32
		{CA092FA4-6208-46C0-9792-6EA99CA3CDB8}.Debug|x64.ActiveCfg = Debug|x64
		{CA092FA4-6208-46C0-9792-6EA99CA3CDB8}.Debug|x64.Build.0 = Debug|x64
		{CA092FA4-6208-46C0-9792-6EA99CA3CDB8}.Debug|x86.ActiveCfg = Debug|Win32
		{CA092FA4-6208-46C0-9792-6EA99CA3CDB8}.Debug|x86.Build.0 = Debug|Win32
		{CA092FA4-6208-46C0-9792-6EA99CA3CDB8}.Release|x64.ActiveCfg = Release|x64
		{CA092FA4-6208-46C0-9792-6EA99CA3CDB8}.Release|x64.Build.0 = Release|x64
		{CA092FA4-6208-46C0-9792-6EA99CA3CDB8}.Release|x86.ActiveCfg = Release|Win32
		{CA092FA4-6208-46C0-9792-6EA99CA3CDB8}.Release|x86.Build.0 = Release|Win32
		{69B4B28A-0E09-421F-B3C2-72293E052337}.Debug|x64.ActiveCfg = Debug|x64
		{69B4B28A-0E09-421F-B3C2-72293E052337}.Debug|x64.Build.0 = Debug|x64
		{69B4B28A-0E09-421F-B3C2-72293E052337}.Debug|x86.ActiveCfg = Debug|Win32
		{69B4B28A-0E09-421F-B3C2-72293E052337}.Debug|x86.Build.0 = Debug|Win32
		{69B4B28A-0E09-421F-B3C2-72293E052337}.Release|x64.ActiveCfg = Release|x64
		{69B4B28A-0E09-421F-B3C2-72293E052337}.Release|x64.Build.0 = Release|x64
		{69B4B28A-0E09-421F-B3C2-72293E052337}.Release|x86.ActiveCfg = Release|Win32
		{69B4B28A-0E09-421F-B3C2-72293E052337}.Release|x86.Build.0 = Release|Win32
		{8D68CEBA-3155-4B1E-959A-FC152EBBA619}.Debug|x64.ActiveCfg = Debug|x64
		{8D68CEBA-3155-4B1E-959A-FC152EBBA619}.Debug|x64.Build.0 = Debug|x64
		{8D68CEBA-3155-4B1E-959A-FC152EBBA619}.Debug|x86.ActiveCfg = Debug|Win32
		{8D68CEBA-3155-4B1E-959A-FC152EBBA619}.Debug|x86.Build.0 = Debug|Win32
		{8D68CEBA-3155-4B1E-959A-FC152EBBA619}.Release|x64.ActiveCfg = Release|x64
		{8D68CEBA-3155-4B1E-959A-FC152EBBA619}.Release|x64.Build.0 = Release|x64
		{8D68CEBA-3155-4B1E-959A-FC152EBBA619}.Release|x86.ActiveCfg = Release|Win32
		{8D68CEBA-3155-4B1E-959A-FC152EBBA619}.Release|x86.Build.0 = Release|Win32
		{49297FD7-35AE-42F8-87DE-B7F9AD5D4A14}.Debug|x64.ActiveCfg = Debug|x64
		{49297FD7-35AE-42F8-87DE-B7F9AD5D4A14}.Debug|x64.Build.0 = Debug|x64
		{49297FD7-35AE-42F8-87DE-B7F9AD5D4A14}.Debug|x86.ActiveCfg = Debug|Win32
		{49297FD7-35AE-42F8-87DE-B7F9AD5D4A14}.Debug|x86.Build.0 = Debug|Win32
		{49297FD7-35AE-42F8-87DE-B7F9AD5D4A14}.Release|x64.ActiveCfg = Release|x64
		{49297FD7-35AE-42F8-87DE-B7F9AD5D4A14}.Release|x64.Build.0 = Release|x64
		{49297FD7-35AE-42F8-87DE-B7F9AD5D4A14}.Release|x86.ActiveCfg = Release|Win32
		{49297FD7-35AE-42F8-87DE-B7F9AD5D4A14}.Release|x86.Build.0 = Release|Win32
		{D984DB71-BD0D-497B-ADF4-43084606D0B7}.Debug|x64.ActiveCfg = Debug|x64
		{D984DB71-BD0D-497B-ADF4-43084606D0B7}.Debug|x64.Build.0 = Debug|x64
		{D984DB71-BD0D-497B-ADF4-43084606D0B7}.Debug|x86.ActiveCfg = Debug|Win32
		{D984DB71-BD0D-497B-ADF4-43084606D0B7}.Debug|x86.Build.0 = Debug|Win32
		{D984DB71-BD0D-497B-ADF4-43084606D0B7}.Release|x64.ActiveCfg = Release|x64
		{D984DB71-BD0D-497B-ADF4-43084606D0B7}.Release|x64.Build.0 = Release|x64
		{D984DB71-BD0D-497B-ADF4-43084606D0B7}.Release|x86.ActiveCfg = Release|Win32
		{D984DB71-BD0D-497B-ADF4-43084606D0B7}.Release|x86.Build.0 = Release|Win32
		{AA56D1E4-D228-4A21-B981-0787B86B5B9C}.Debug|x64.ActiveCfg = Debug|x64
		{AA56D1E4-D228-4A21-B981-0787B86B5B9C}.Debug|x64.Build.0 = Debug|x64
		{AA56D1E4-D228-4A21-B981-0787B86B5B9C}.Debug|x86.ActiveCfg = Debug|Win32
		{AA56D1E4-D228-4A21-B981-0787B86B5B9C}.Debug|x86.Build.0 = Debug|Win32
		{AA56D1E4-D228-4A21-B981-0787B86B5B9C}.Release|x64.ActiveCfg = Release|x64
		{AA56D1E4-D228-4A21-B981-0787B86B5B9C}.Release|x64.Build.0 = Release|x64
		{AA56D1E4-D228-4A21-B981-0787B86B5B9C}.Release|x86.ActiveCfg = Release|Win32
		{AA56D1E4-D228-4A21-B981-0787B86B5B9C}.Release|x86.Build.0 = Release|Win32
		{A1D7CFA1-2F62-4E4E-B2ED-E55DBE134813}.Debug|x64.ActiveCfg = Debug|x64
		{A1D7CFA1-2F62-4E4E-B2ED-E55DBE134813}.Debug|x64.Build.0 = Debug|x64
		{A1D7CFA1-2F62-4E4E-B2ED-E55DBE134813}.Debug|x86.ActiveCfg = Debug|Win32
		{A1D7CFA1-2F62-4E4E-B2ED-E55DBE134813}.Debug|x86.Build.0 = Debug|Win32
		{A1D7CFA1-2F62-4E4E-B2ED-E55DBE134813}.Release|x64.ActiveCfg = Release|x64
		{A1D7CFA1-2F62-4E4E-B2ED-E55DBE134813}.Release|x64.Build.0 = Release|x64
		{A1D7CFA1-2F62-4E4E-B2ED-E55DBE134813}.Release|x86.ActiveCfg = Release|Win32
		{A1D7CFA1-2F62-4E4E-B2ED-E55DBE134813}.Release|x86.Build.0 = Release|Win32
		{EE2A0F51-0D82-4BE9-A80F-20F137A3AB62}.Debug|x64.ActiveCfg = Debug|x64
		{EE2A0F51-0D82-4BE9-A80F-20F137A3AB62}.Debug|x64.Build.0 = Debug|x64
		{EE2A0F51-0D82-4BE9-A80F-20F137A3AB62}.Debug|x86.ActiveCfg = Debug|Win32
		{EE2A0F51-0D82-4BE9-A80F-20F137A3AB62}.Debug|x86.Build.0 = Debug|Win32
		{EE2A0F51-0D82-4BE9-A80F-20F137A3AB62}.Release|x64.ActiveCfg = Release|x64
		{EE2A0F51-0D82-4BE9-A80F-20F137A3AB62}.Release|x64.Build.0 = Release|x64
		{EE2A0F51-0D82-4BE9-A80F-20F137A3AB62}.Release|x86.ActiveCfg = Release|Win32
		{EE2A0F51-0D82-4BE9-A80F-20F137A3AB62}.Release|x86.Build.0 = Release|Win32
		{417F3B8F-7157-4697-8258-A4B9E636E002}.Debug|x64.ActiveCfg = Debug|x64
		{417F3B8F-7157-4697-8258-A4B9E636E002}.Debug|x64.Build.0 = Debug|x64
		{417F3B8F-7157-4697-8258-A4B9E636E002}.Debug|x86.ActiveCfg = Debug|Win32
		{417F3B8F-7157-4697-8258-A4B9E636E002}.Debug|x86.Build.0 = Debug|Win32
		{417F3B8F-7157-4697-8258-A4B9E636E002}.Release|x64.ActiveCfg = Release|x64
		{417F3B8F-7157-4697-8258-A4B9E636E002}.Release|x64.Build.0 = Release|x64
		{417F3B8F-7157-4697-8258-A4B9E636E002}.Release|x86.ActiveCfg = Release|Win32
		{417F3B8F-7157-4697-8258-A4B9E636E002}.Release|x86.Build.0 = Release|Win32
		{C0CC68A8-3908-4F6C-A140-D00538336C6E}.Debug|x64.ActiveCfg = Debug|x64
		{C0CC68A8-3908-4F6C-A140-D00538336C6E}.Debug|x64.Build.0 = Debug|x64
		{C0CC68A8-3908-4F6C-A140-D00538336C6E}.Debug|x86.ActiveCfg = Debug|Win32
		{C0CC68A8-3908-4F6C-A140-D00538336C6E}.Debug|x86.Build.0 = Debug|Win32
		{C0CC68A8-3908-4F6C-A140-D00538336C6E}.Release|x64.ActiveCfg = Release|x64
		{C0CC68A8-3908-4F6C-A140-D00538336C6E}.Release|x64.Build.0 = Release|x64
		{C0CC68A8-3908-4F6C-A140-D00538336C6E}.Release|x86.ActiveCfg = Release|Win32
		{C0CC68A8-3908-4F6C-A140-D00538336C6E}.Release|x86.Build.0 = Release|Win32
		{0C4B201B-4966-4CA2-88BF-42FD4158A3FC}.Debug|x64.ActiveCfg = Debug|x64
		{0C4B201B-4966-4CA2-88BF-42FD4158A3FC}.Debug|x64.Build.0 = Debug|x64
		{0C4B201B-4966-4CA2-88BF-42FD4158A3FC}.Debug|x86.ActiveCfg = Debug|Win32
		{0C4B201B-4966-4CA2-88BF-42FD4158A3FC}.Debug|x86.Build.0 = Debug|Win32
		{0C4B201B-4966-4CA2-88BF-42FD4158A3FC}.Release|x64.ActiveCfg = Release|x64
		{0C4B201B-4966-4CA2-88BF-42FD4158A3FC}.Release|x64.Build.0 = Release|x64
		{0C4B201B-4966-4CA2-88BF-42FD4158A3FC}.Release|x86.ActiveCfg = Release|Win32
		{0C4B201B-4966-4CA2-88BF-42FD4158A3FC}.Release|x86.Build.0 = Release|Win32
		{5F6E950D-6C07-4C99-BDD7-AA579456FCAA}.Debug|x64.ActiveCfg = Debug|x64
		{5F6E950D-6C07-4C99-BDD7-AA579456FCAA}.Debug|x64.Build.0 = Debug|x64
		{5F6E950D-6C07-4C99-BDD7-AA579456FCAA}.Debug|x86.ActiveCfg = Debug|Win32
		{5F6E950D-6C07-4C99-BDD7-AA579456FCAA}.Debug|x86.Build.0 = Debug|Win32
		{5F6E950D-6C07-4C99-BDD7-AA579456FCAA}.Release|x64.ActiveCfg = Release|x64
		{5F6E950D-6C07-4C99-BDD7-AA579456FCAA}.Release|x64.Build.0 = Release|x64
		{5F6E950D-6C07-4C99-BDD7-AA579456FCAA}.Release|x86.ActiveCfg = Release|Win32
		{5F6E950D-6C07-4C99-BDD7-AA579456FCAA}.Release|x86.Build.0 = Release|Win32
		{6F23ECDE-8933-409C-94FB-ED72ACEE065F}.Debug|x64.ActiveCfg = Debug|x64
		{6F23ECDE-8933-409C-94FB-ED72ACEE065F}.Debug|x64.Build.0 = Debug|x64
		{6F23ECDE-8933-409C-94FB-ED72ACEE065F}.Debug|x86.ActiveCfg = Debug|Win32
		{6F23ECDE-8933-409C-94FB-ED72ACEE065F}.Debug|x86.Build.0 = Debug|Win32
		{6F23ECDE-8933-409C-94FB-ED72ACEE065F}.Release|x64.ActiveCfg = Release|x64
		{6F23ECDE-8933-409C-94FB-ED72ACEE065F}.Release|x64.Build.0 = Release|x64
		{6F23ECDE-8933-409C-94FB-ED72ACEE065F}.Release|x86.ActiveCfg = Release|Win32
		{6F23ECDE-8933-409C-94FB-ED72ACEE065F}.Release|x86.Build.0 = Release|Win32
	EndGlobalSection
	GlobalSection(SolutionProperties) = preSolution
		HideSolutionNode = FALSE
	EndGlobalSection
	GlobalSection(ExtensibilityGlobals) = postSolution
		SolutionGuid = {9C794FEE-3F91-42BF-B21B-D6554D8F2630}
	EndGlobalSection
EndGlobal
